// !$*UTF8*$!
{
	archiveVersion = 1;
	classes = {
	};
	objectVersion = 46;
	objects = {

/* Begin PBXBuildFile section */
		125CF4051BFF3C040049D6D8 /* KASlideShow.m in Sources */ = {isa = PBXBuildFile; fileRef = 125CF4041BFF3C040049D6D8 /* KASlideShow.m */; };
		12601B471BFF484C0070F8D2 /* RateView.m in Sources */ = {isa = PBXBuildFile; fileRef = 12601B461BFF484C0070F8D2 /* RateView.m */; };
		12601B4A1BFF49D30070F8D2 /* School.m in Sources */ = {isa = PBXBuildFile; fileRef = 12601B491BFF49D30070F8D2 /* School.m */; };
		12601B641BFF4FCE0070F8D2 /* FunctionViewController.m in Sources */ = {isa = PBXBuildFile; fileRef = 12601B621BFF4FCE0070F8D2 /* FunctionViewController.m */; };
		12601B651BFF4FCE0070F8D2 /* FunctionViewController.xib in Resources */ = {isa = PBXBuildFile; fileRef = 12601B631BFF4FCE0070F8D2 /* FunctionViewController.xib */; };
		12601B6F1BFF54A50070F8D2 /* SchoolDetailViewController.m in Sources */ = {isa = PBXBuildFile; fileRef = 12601B6D1BFF54A50070F8D2 /* SchoolDetailViewController.m */; };
		12601B701BFF54A50070F8D2 /* SchoolDetailViewController.xib in Resources */ = {isa = PBXBuildFile; fileRef = 12601B6E1BFF54A50070F8D2 /* SchoolDetailViewController.xib */; };
		12601BD01BFF66110070F8D2 /* bg_btn.png in Resources */ = {isa = PBXBuildFile; fileRef = 12601BCE1BFF66110070F8D2 /* bg_btn.png */; };
		12601BD11BFF66110070F8D2 /* separate.png in Resources */ = {isa = PBXBuildFile; fileRef = 12601BCF1BFF66110070F8D2 /* separate.png */; };
		12601BE11BFF748C0070F8D2 /* img_danhgia.png in Resources */ = {isa = PBXBuildFile; fileRef = 12601BDC1BFF748C0070F8D2 /* img_danhgia.png */; };
		12601BE21BFF748C0070F8D2 /* img_map.png in Resources */ = {isa = PBXBuildFile; fileRef = 12601BDD1BFF748C0070F8D2 /* img_map.png */; };
		12601BE31BFF748C0070F8D2 /* img_mota.png in Resources */ = {isa = PBXBuildFile; fileRef = 12601BDE1BFF748C0070F8D2 /* img_mota.png */; };
		12601BE41BFF748C0070F8D2 /* img_thuchi.png in Resources */ = {isa = PBXBuildFile; fileRef = 12601BDF1BFF748C0070F8D2 /* img_thuchi.png */; };
		12601BE81BFF76740070F8D2 /* img_login.png in Resources */ = {isa = PBXBuildFile; fileRef = 12601BE71BFF76740070F8D2 /* img_login.png */; };
		12601BEC1BFF88100070F8D2 /* LiveStreamViewController.m in Sources */ = {isa = PBXBuildFile; fileRef = 12601BEA1BFF88100070F8D2 /* LiveStreamViewController.m */; };
		12601BED1BFF88100070F8D2 /* LiveStreamViewController.xib in Resources */ = {isa = PBXBuildFile; fileRef = 12601BEB1BFF88100070F8D2 /* LiveStreamViewController.xib */; };
		12601BF11BFF88680070F8D2 /* ThucDonViewController.m in Sources */ = {isa = PBXBuildFile; fileRef = 12601BEF1BFF88680070F8D2 /* ThucDonViewController.m */; };
		12601BF21BFF88680070F8D2 /* ThucDonViewController.xib in Resources */ = {isa = PBXBuildFile; fileRef = 12601BF01BFF88680070F8D2 /* ThucDonViewController.xib */; };
		12601BF61BFF88800070F8D2 /* SucKhoeViewController.m in Sources */ = {isa = PBXBuildFile; fileRef = 12601BF41BFF88800070F8D2 /* SucKhoeViewController.m */; };
		12601BF71BFF88800070F8D2 /* SucKhoeViewController.xib in Resources */ = {isa = PBXBuildFile; fileRef = 12601BF51BFF88800070F8D2 /* SucKhoeViewController.xib */; };
		12601BFB1BFF888F0070F8D2 /* ThongBaoViewController.m in Sources */ = {isa = PBXBuildFile; fileRef = 12601BF91BFF888F0070F8D2 /* ThongBaoViewController.m */; };
		12601BFC1BFF888F0070F8D2 /* ThongBaoViewController.xib in Resources */ = {isa = PBXBuildFile; fileRef = 12601BFA1BFF888F0070F8D2 /* ThongBaoViewController.xib */; };
		12601C001BFF8E3E0070F8D2 /* bg_menu@2x.png in Resources */ = {isa = PBXBuildFile; fileRef = 12601BFF1BFF8E3E0070F8D2 /* bg_menu@2x.png */; };
		12601C021BFF95CA0070F8D2 /* bg_function@2x.png in Resources */ = {isa = PBXBuildFile; fileRef = 12601C011BFF95CA0070F8D2 /* bg_function@2x.png */; };
		12601C041BFF99000070F8D2 /* img_btn.png in Resources */ = {isa = PBXBuildFile; fileRef = 12601C031BFF99000070F8D2 /* img_btn.png */; };
		12601C061BFF9DC00070F8D2 /* menu.json in Resources */ = {isa = PBXBuildFile; fileRef = 12601C051BFF9DC00070F8D2 /* menu.json */; };
		12601C091BFF9E2C0070F8D2 /* foodmenu.m in Sources */ = {isa = PBXBuildFile; fileRef = 12601C081BFF9E2C0070F8D2 /* foodmenu.m */; };
		127734611BFFE6C400E811A5 /* Bolts.framework in Frameworks */ = {isa = PBXBuildFile; fileRef = 1277345E1BFFE6C400E811A5 /* Bolts.framework */; };
		127734621BFFE6C400E811A5 /* Parse.framework in Frameworks */ = {isa = PBXBuildFile; fileRef = 1277345F1BFFE6C400E811A5 /* Parse.framework */; };
		127734631BFFE6C400E811A5 /* ParseUI.framework in Frameworks */ = {isa = PBXBuildFile; fileRef = 127734601BFFE6C400E811A5 /* ParseUI.framework */; };
		127734661BFFE93600E811A5 /* libsqlite3.0.tbd in Frameworks */ = {isa = PBXBuildFile; fileRef = 127734641BFFE93600E811A5 /* libsqlite3.0.tbd */; };
		127734671BFFE93600E811A5 /* libsqlite3.tbd in Frameworks */ = {isa = PBXBuildFile; fileRef = 127734651BFFE93600E811A5 /* libsqlite3.tbd */; };
		513434A11BFFE387008858EE /* KLCPopup.m in Sources */ = {isa = PBXBuildFile; fileRef = 513434A01BFFE387008858EE /* KLCPopup.m */; };
		513434A31BFFE517008858EE /* AddHealth.xib in Resources */ = {isa = PBXBuildFile; fileRef = 513434A21BFFE517008858EE /* AddHealth.xib */; };
		513434A51BFFEAE3008858EE /* btn_cancel@2x.png in Resources */ = {isa = PBXBuildFile; fileRef = 513434A41BFFEAE3008858EE /* btn_cancel@2x.png */; };
		513434A81BFFF574008858EE /* Bolts.framework in Frameworks */ = {isa = PBXBuildFile; fileRef = 513434A61BFFF574008858EE /* Bolts.framework */; };
		513434A91BFFF574008858EE /* Parse.framework in Frameworks */ = {isa = PBXBuildFile; fileRef = 513434A71BFFF574008858EE /* Parse.framework */; };
		513434AB1BFFF5AA008858EE /* ParseUI.framework in Frameworks */ = {isa = PBXBuildFile; fileRef = 513434AA1BFFF5AA008858EE /* ParseUI.framework */; };
		51CBB29C1BFF3D9C007040E3 /* ListSchoolViewController.m in Sources */ = {isa = PBXBuildFile; fileRef = 51CBB29A1BFF3D9C007040E3 /* ListSchoolViewController.m */; };
		51CBB29D1BFF3D9C007040E3 /* ListSchoolViewController.xib in Resources */ = {isa = PBXBuildFile; fileRef = 51CBB29B1BFF3D9C007040E3 /* ListSchoolViewController.xib */; };
		51CBB2A31BFF3ED1007040E3 /* SchoolCell.m in Sources */ = {isa = PBXBuildFile; fileRef = 51CBB2A11BFF3ED1007040E3 /* SchoolCell.m */; };
		51CBB2A41BFF3ED1007040E3 /* SchoolCell.xib in Resources */ = {isa = PBXBuildFile; fileRef = 51CBB2A21BFF3ED1007040E3 /* SchoolCell.xib */; };
		51CBB2A91BFF49D3007040E3 /* LoginViewController.m in Sources */ = {isa = PBXBuildFile; fileRef = 51CBB2A71BFF49D3007040E3 /* LoginViewController.m */; };
		51CBB2AA1BFF49D3007040E3 /* LoginViewController.xib in Resources */ = {isa = PBXBuildFile; fileRef = 51CBB2A81BFF49D3007040E3 /* LoginViewController.xib */; };
		51CBB2B51BFF5FCA007040E3 /* background@2x.png in Resources */ = {isa = PBXBuildFile; fileRef = 51CBB2B41BFF5FCA007040E3 /* background@2x.png */; };
		51CBB2C41BFF6344007040E3 /* img1_1.png in Resources */ = {isa = PBXBuildFile; fileRef = 51CBB2B81BFF6344007040E3 /* img1_1.png */; };
		51CBB2C51BFF6344007040E3 /* img1_2.png in Resources */ = {isa = PBXBuildFile; fileRef = 51CBB2B91BFF6344007040E3 /* img1_2.png */; };
		51CBB2C61BFF6344007040E3 /* img1_3.png in Resources */ = {isa = PBXBuildFile; fileRef = 51CBB2BA1BFF6344007040E3 /* img1_3.png */; };
		51CBB2C71BFF6344007040E3 /* img2_1.png in Resources */ = {isa = PBXBuildFile; fileRef = 51CBB2BB1BFF6344007040E3 /* img2_1.png */; };
		51CBB2C81BFF6344007040E3 /* img2_2.png in Resources */ = {isa = PBXBuildFile; fileRef = 51CBB2BC1BFF6344007040E3 /* img2_2.png */; };
		51CBB2C91BFF6344007040E3 /* img2_3.png in Resources */ = {isa = PBXBuildFile; fileRef = 51CBB2BD1BFF6344007040E3 /* img2_3.png */; };
		51CBB2CA1BFF6344007040E3 /* img3_1.png in Resources */ = {isa = PBXBuildFile; fileRef = 51CBB2BE1BFF6344007040E3 /* img3_1.png */; };
		51CBB2CB1BFF6344007040E3 /* img3_2.png in Resources */ = {isa = PBXBuildFile; fileRef = 51CBB2BF1BFF6344007040E3 /* img3_2.png */; };
		51CBB2CC1BFF6344007040E3 /* img3_3.png in Resources */ = {isa = PBXBuildFile; fileRef = 51CBB2C01BFF6344007040E3 /* img3_3.png */; };
		51CBB2CD1BFF6344007040E3 /* img4_1.png in Resources */ = {isa = PBXBuildFile; fileRef = 51CBB2C11BFF6344007040E3 /* img4_1.png */; };
		51CBB2CE1BFF6344007040E3 /* img4_2.png in Resources */ = {isa = PBXBuildFile; fileRef = 51CBB2C21BFF6344007040E3 /* img4_2.png */; };
		51CBB2CF1BFF6344007040E3 /* img4_3.png in Resources */ = {isa = PBXBuildFile; fileRef = 51CBB2C31BFF6344007040E3 /* img4_3.png */; };
		51D4497B1BFF7F21001121C7 /* schools.json in Resources */ = {isa = PBXBuildFile; fileRef = 51D4497A1BFF7F21001121C7 /* schools.json */; };
		51D4497D1BFF82E0001121C7 /* users.json in Resources */ = {isa = PBXBuildFile; fileRef = 51D4497C1BFF82E0001121C7 /* users.json */; };
		51D449811BFF87C7001121C7 /* User.m in Sources */ = {isa = PBXBuildFile; fileRef = 51D449801BFF87C7001121C7 /* User.m */; };
		51D449851BFF9234001121C7 /* MyLib.m in Sources */ = {isa = PBXBuildFile; fileRef = 51D449841BFF9234001121C7 /* MyLib.m */; };
		51D449A21BFF9C57001121C7 /* HealthCell.m in Sources */ = {isa = PBXBuildFile; fileRef = 51D449A01BFF9C57001121C7 /* HealthCell.m */; };
		51D449A31BFF9C57001121C7 /* HealthCell.xib in Resources */ = {isa = PBXBuildFile; fileRef = 51D449A11BFF9C57001121C7 /* HealthCell.xib */; };
		51D449A51BFFA4A8001121C7 /* health.json in Resources */ = {isa = PBXBuildFile; fileRef = 51D449A41BFFA4A8001121C7 /* health.json */; };
		51D449A81BFFA63C001121C7 /* Health.m in Sources */ = {isa = PBXBuildFile; fileRef = 51D449A71BFFA63B001121C7 /* Health.m */; };
		51D449AE1BFFB70D001121C7 /* AddHealth.m in Sources */ = {isa = PBXBuildFile; fileRef = 51D449AD1BFFB70D001121C7 /* AddHealth.m */; };
		B7F896246B16724A7E847B8D /* libPods.a in Frameworks */ = {isa = PBXBuildFile; fileRef = B17461C75361181AA8523F47 /* libPods.a */; };
		C3B39EC71BFF374D00C4A0EB /* main.m in Sources */ = {isa = PBXBuildFile; fileRef = C3B39EC61BFF374D00C4A0EB /* main.m */; };
		C3B39ECA1BFF374D00C4A0EB /* AppDelegate.m in Sources */ = {isa = PBXBuildFile; fileRef = C3B39EC91BFF374D00C4A0EB /* AppDelegate.m */; };
		C3B39ED31BFF374D00C4A0EB /* BabeSchool.xcdatamodeld in Sources */ = {isa = PBXBuildFile; fileRef = C3B39ED11BFF374D00C4A0EB /* BabeSchool.xcdatamodeld */; };
		C3B39ED51BFF374D00C4A0EB /* Assets.xcassets in Resources */ = {isa = PBXBuildFile; fileRef = C3B39ED41BFF374D00C4A0EB /* Assets.xcassets */; };
		C3B39ED81BFF374D00C4A0EB /* LaunchScreen.storyboard in Resources */ = {isa = PBXBuildFile; fileRef = C3B39ED61BFF374D00C4A0EB /* LaunchScreen.storyboard */; };
		C3B39EE31BFF374D00C4A0EB /* BabeSchoolTests.m in Sources */ = {isa = PBXBuildFile; fileRef = C3B39EE21BFF374D00C4A0EB /* BabeSchoolTests.m */; };
		C3B39EEE1BFF374D00C4A0EB /* BabeSchoolUITests.m in Sources */ = {isa = PBXBuildFile; fileRef = C3B39EED1BFF374D00C4A0EB /* BabeSchoolUITests.m */; };
/* End PBXBuildFile section */

/* Begin PBXContainerItemProxy section */
		C3B39EDF1BFF374D00C4A0EB /* PBXContainerItemProxy */ = {
			isa = PBXContainerItemProxy;
			containerPortal = C3B39EBA1BFF374D00C4A0EB /* Project object */;
			proxyType = 1;
			remoteGlobalIDString = C3B39EC11BFF374D00C4A0EB;
			remoteInfo = BabeSchool;
		};
		C3B39EEA1BFF374D00C4A0EB /* PBXContainerItemProxy */ = {
			isa = PBXContainerItemProxy;
			containerPortal = C3B39EBA1BFF374D00C4A0EB /* Project object */;
			proxyType = 1;
			remoteGlobalIDString = C3B39EC11BFF374D00C4A0EB;
			remoteInfo = BabeSchool;
		};
/* End PBXContainerItemProxy section */

/* Begin PBXFileReference section */
		125CF4031BFF3C040049D6D8 /* KASlideShow.h */ = {isa = PBXFileReference; fileEncoding = 4; lastKnownFileType = sourcecode.c.h; path = KASlideShow.h; sourceTree = "<group>"; };
		125CF4041BFF3C040049D6D8 /* KASlideShow.m */ = {isa = PBXFileReference; fileEncoding = 4; lastKnownFileType = sourcecode.c.objc; path = KASlideShow.m; sourceTree = "<group>"; };
		12601B451BFF484C0070F8D2 /* RateView.h */ = {isa = PBXFileReference; fileEncoding = 4; lastKnownFileType = sourcecode.c.h; path = RateView.h; sourceTree = "<group>"; };
		12601B461BFF484C0070F8D2 /* RateView.m */ = {isa = PBXFileReference; fileEncoding = 4; lastKnownFileType = sourcecode.c.objc; path = RateView.m; sourceTree = "<group>"; };
		12601B481BFF49D30070F8D2 /* School.h */ = {isa = PBXFileReference; fileEncoding = 4; lastKnownFileType = sourcecode.c.h; path = School.h; sourceTree = "<group>"; };
		12601B491BFF49D30070F8D2 /* School.m */ = {isa = PBXFileReference; fileEncoding = 4; lastKnownFileType = sourcecode.c.objc; path = School.m; sourceTree = "<group>"; };
		12601B611BFF4FCE0070F8D2 /* FunctionViewController.h */ = {isa = PBXFileReference; fileEncoding = 4; lastKnownFileType = sourcecode.c.h; path = FunctionViewController.h; sourceTree = "<group>"; };
		12601B621BFF4FCE0070F8D2 /* FunctionViewController.m */ = {isa = PBXFileReference; fileEncoding = 4; lastKnownFileType = sourcecode.c.objc; path = FunctionViewController.m; sourceTree = "<group>"; };
		12601B631BFF4FCE0070F8D2 /* FunctionViewController.xib */ = {isa = PBXFileReference; fileEncoding = 4; lastKnownFileType = file.xib; path = FunctionViewController.xib; sourceTree = "<group>"; };
		12601B6C1BFF54A50070F8D2 /* SchoolDetailViewController.h */ = {isa = PBXFileReference; fileEncoding = 4; lastKnownFileType = sourcecode.c.h; path = SchoolDetailViewController.h; sourceTree = "<group>"; };
		12601B6D1BFF54A50070F8D2 /* SchoolDetailViewController.m */ = {isa = PBXFileReference; fileEncoding = 4; lastKnownFileType = sourcecode.c.objc; path = SchoolDetailViewController.m; sourceTree = "<group>"; };
		12601B6E1BFF54A50070F8D2 /* SchoolDetailViewController.xib */ = {isa = PBXFileReference; fileEncoding = 4; lastKnownFileType = file.xib; path = SchoolDetailViewController.xib; sourceTree = "<group>"; };
		12601BCE1BFF66110070F8D2 /* bg_btn.png */ = {isa = PBXFileReference; lastKnownFileType = image.png; path = bg_btn.png; sourceTree = "<group>"; };
		12601BCF1BFF66110070F8D2 /* separate.png */ = {isa = PBXFileReference; lastKnownFileType = image.png; path = separate.png; sourceTree = "<group>"; };
		12601BDC1BFF748C0070F8D2 /* img_danhgia.png */ = {isa = PBXFileReference; lastKnownFileType = image.png; path = img_danhgia.png; sourceTree = "<group>"; };
		12601BDD1BFF748C0070F8D2 /* img_map.png */ = {isa = PBXFileReference; lastKnownFileType = image.png; path = img_map.png; sourceTree = "<group>"; };
		12601BDE1BFF748C0070F8D2 /* img_mota.png */ = {isa = PBXFileReference; lastKnownFileType = image.png; path = img_mota.png; sourceTree = "<group>"; };
		12601BDF1BFF748C0070F8D2 /* img_thuchi.png */ = {isa = PBXFileReference; lastKnownFileType = image.png; path = img_thuchi.png; sourceTree = "<group>"; };
		12601BE71BFF76740070F8D2 /* img_login.png */ = {isa = PBXFileReference; lastKnownFileType = image.png; path = img_login.png; sourceTree = "<group>"; };
		12601BE91BFF88100070F8D2 /* LiveStreamViewController.h */ = {isa = PBXFileReference; fileEncoding = 4; lastKnownFileType = sourcecode.c.h; path = LiveStreamViewController.h; sourceTree = "<group>"; };
		12601BEA1BFF88100070F8D2 /* LiveStreamViewController.m */ = {isa = PBXFileReference; fileEncoding = 4; lastKnownFileType = sourcecode.c.objc; path = LiveStreamViewController.m; sourceTree = "<group>"; };
		12601BEB1BFF88100070F8D2 /* LiveStreamViewController.xib */ = {isa = PBXFileReference; fileEncoding = 4; lastKnownFileType = file.xib; path = LiveStreamViewController.xib; sourceTree = "<group>"; };
		12601BEE1BFF88680070F8D2 /* ThucDonViewController.h */ = {isa = PBXFileReference; fileEncoding = 4; lastKnownFileType = sourcecode.c.h; path = ThucDonViewController.h; sourceTree = "<group>"; };
		12601BEF1BFF88680070F8D2 /* ThucDonViewController.m */ = {isa = PBXFileReference; fileEncoding = 4; lastKnownFileType = sourcecode.c.objc; path = ThucDonViewController.m; sourceTree = "<group>"; };
		12601BF01BFF88680070F8D2 /* ThucDonViewController.xib */ = {isa = PBXFileReference; fileEncoding = 4; lastKnownFileType = file.xib; path = ThucDonViewController.xib; sourceTree = "<group>"; };
		12601BF31BFF88800070F8D2 /* SucKhoeViewController.h */ = {isa = PBXFileReference; fileEncoding = 4; lastKnownFileType = sourcecode.c.h; path = SucKhoeViewController.h; sourceTree = "<group>"; };
		12601BF41BFF88800070F8D2 /* SucKhoeViewController.m */ = {isa = PBXFileReference; fileEncoding = 4; lastKnownFileType = sourcecode.c.objc; path = SucKhoeViewController.m; sourceTree = "<group>"; };
		12601BF51BFF88800070F8D2 /* SucKhoeViewController.xib */ = {isa = PBXFileReference; fileEncoding = 4; lastKnownFileType = file.xib; path = SucKhoeViewController.xib; sourceTree = "<group>"; };
		12601BF81BFF888F0070F8D2 /* ThongBaoViewController.h */ = {isa = PBXFileReference; fileEncoding = 4; lastKnownFileType = sourcecode.c.h; path = ThongBaoViewController.h; sourceTree = "<group>"; };
		12601BF91BFF888F0070F8D2 /* ThongBaoViewController.m */ = {isa = PBXFileReference; fileEncoding = 4; lastKnownFileType = sourcecode.c.objc; path = ThongBaoViewController.m; sourceTree = "<group>"; };
		12601BFA1BFF888F0070F8D2 /* ThongBaoViewController.xib */ = {isa = PBXFileReference; fileEncoding = 4; lastKnownFileType = file.xib; path = ThongBaoViewController.xib; sourceTree = "<group>"; };
		12601BFF1BFF8E3E0070F8D2 /* bg_menu@2x.png */ = {isa = PBXFileReference; lastKnownFileType = image.png; path = "bg_menu@2x.png"; sourceTree = "<group>"; };
		12601C011BFF95CA0070F8D2 /* bg_function@2x.png */ = {isa = PBXFileReference; lastKnownFileType = image.png; path = "bg_function@2x.png"; sourceTree = "<group>"; };
		12601C031BFF99000070F8D2 /* img_btn.png */ = {isa = PBXFileReference; lastKnownFileType = image.png; path = img_btn.png; sourceTree = "<group>"; };
		12601C051BFF9DC00070F8D2 /* menu.json */ = {isa = PBXFileReference; fileEncoding = 4; lastKnownFileType = text.json; path = menu.json; sourceTree = "<group>"; };
		12601C071BFF9E2C0070F8D2 /* foodmenu.h */ = {isa = PBXFileReference; fileEncoding = 4; lastKnownFileType = sourcecode.c.h; path = foodmenu.h; sourceTree = "<group>"; };
		12601C081BFF9E2C0070F8D2 /* foodmenu.m */ = {isa = PBXFileReference; fileEncoding = 4; lastKnownFileType = sourcecode.c.objc; path = foodmenu.m; sourceTree = "<group>"; };
		1277345E1BFFE6C400E811A5 /* Bolts.framework */ = {isa = PBXFileReference; lastKnownFileType = wrapper.framework; name = Bolts.framework; path = "BabeSchool/parse-library-1.10.0/Bolts.framework"; sourceTree = "<group>"; };
		1277345F1BFFE6C400E811A5 /* Parse.framework */ = {isa = PBXFileReference; lastKnownFileType = wrapper.framework; name = Parse.framework; path = "BabeSchool/parse-library-1.10.0/Parse.framework"; sourceTree = "<group>"; };
		127734601BFFE6C400E811A5 /* ParseUI.framework */ = {isa = PBXFileReference; lastKnownFileType = wrapper.framework; name = ParseUI.framework; path = "BabeSchool/parse-library-1.10.0/ParseUI.framework"; sourceTree = "<group>"; };
		127734641BFFE93600E811A5 /* libsqlite3.0.tbd */ = {isa = PBXFileReference; lastKnownFileType = "sourcecode.text-based-dylib-definition"; name = libsqlite3.0.tbd; path = usr/lib/libsqlite3.0.tbd; sourceTree = SDKROOT; };
		127734651BFFE93600E811A5 /* libsqlite3.tbd */ = {isa = PBXFileReference; lastKnownFileType = "sourcecode.text-based-dylib-definition"; name = libsqlite3.tbd; path = usr/lib/libsqlite3.tbd; sourceTree = SDKROOT; };
		5134349F1BFFE387008858EE /* KLCPopup.h */ = {isa = PBXFileReference; fileEncoding = 4; lastKnownFileType = sourcecode.c.h; path = KLCPopup.h; sourceTree = "<group>"; };
		513434A01BFFE387008858EE /* KLCPopup.m */ = {isa = PBXFileReference; fileEncoding = 4; lastKnownFileType = sourcecode.c.objc; path = KLCPopup.m; sourceTree = "<group>"; };
		513434A21BFFE517008858EE /* AddHealth.xib */ = {isa = PBXFileReference; fileEncoding = 4; lastKnownFileType = file.xib; path = AddHealth.xib; sourceTree = "<group>"; };
		513434A41BFFEAE3008858EE /* btn_cancel@2x.png */ = {isa = PBXFileReference; lastKnownFileType = image.png; path = "btn_cancel@2x.png"; sourceTree = "<group>"; };
		513434A61BFFF574008858EE /* Bolts.framework */ = {isa = PBXFileReference; lastKnownFileType = wrapper.framework; path = Bolts.framework; sourceTree = "<group>"; };
		513434A71BFFF574008858EE /* Parse.framework */ = {isa = PBXFileReference; lastKnownFileType = wrapper.framework; path = Parse.framework; sourceTree = "<group>"; };
		513434AA1BFFF5AA008858EE /* ParseUI.framework */ = {isa = PBXFileReference; lastKnownFileType = wrapper.framework; path = ParseUI.framework; sourceTree = "<group>"; };
		51CBB2991BFF3D9C007040E3 /* ListSchoolViewController.h */ = {isa = PBXFileReference; fileEncoding = 4; lastKnownFileType = sourcecode.c.h; path = ListSchoolViewController.h; sourceTree = "<group>"; };
		51CBB29A1BFF3D9C007040E3 /* ListSchoolViewController.m */ = {isa = PBXFileReference; fileEncoding = 4; lastKnownFileType = sourcecode.c.objc; path = ListSchoolViewController.m; sourceTree = "<group>"; };
		51CBB29B1BFF3D9C007040E3 /* ListSchoolViewController.xib */ = {isa = PBXFileReference; fileEncoding = 4; lastKnownFileType = file.xib; path = ListSchoolViewController.xib; sourceTree = "<group>"; };
		51CBB2A01BFF3ED0007040E3 /* SchoolCell.h */ = {isa = PBXFileReference; fileEncoding = 4; lastKnownFileType = sourcecode.c.h; path = SchoolCell.h; sourceTree = "<group>"; };
		51CBB2A11BFF3ED1007040E3 /* SchoolCell.m */ = {isa = PBXFileReference; fileEncoding = 4; lastKnownFileType = sourcecode.c.objc; path = SchoolCell.m; sourceTree = "<group>"; };
		51CBB2A21BFF3ED1007040E3 /* SchoolCell.xib */ = {isa = PBXFileReference; fileEncoding = 4; lastKnownFileType = file.xib; path = SchoolCell.xib; sourceTree = "<group>"; };
		51CBB2A61BFF49D3007040E3 /* LoginViewController.h */ = {isa = PBXFileReference; fileEncoding = 4; lastKnownFileType = sourcecode.c.h; path = LoginViewController.h; sourceTree = "<group>"; };
		51CBB2A71BFF49D3007040E3 /* LoginViewController.m */ = {isa = PBXFileReference; fileEncoding = 4; lastKnownFileType = sourcecode.c.objc; path = LoginViewController.m; sourceTree = "<group>"; };
		51CBB2A81BFF49D3007040E3 /* LoginViewController.xib */ = {isa = PBXFileReference; fileEncoding = 4; lastKnownFileType = file.xib; path = LoginViewController.xib; sourceTree = "<group>"; };
		51CBB2B41BFF5FCA007040E3 /* background@2x.png */ = {isa = PBXFileReference; lastKnownFileType = image.png; path = "background@2x.png"; sourceTree = "<group>"; };
		51CBB2B81BFF6344007040E3 /* img1_1.png */ = {isa = PBXFileReference; lastKnownFileType = image.png; path = img1_1.png; sourceTree = "<group>"; };
		51CBB2B91BFF6344007040E3 /* img1_2.png */ = {isa = PBXFileReference; lastKnownFileType = image.png; path = img1_2.png; sourceTree = "<group>"; };
		51CBB2BA1BFF6344007040E3 /* img1_3.png */ = {isa = PBXFileReference; lastKnownFileType = image.png; path = img1_3.png; sourceTree = "<group>"; };
		51CBB2BB1BFF6344007040E3 /* img2_1.png */ = {isa = PBXFileReference; lastKnownFileType = image.png; path = img2_1.png; sourceTree = "<group>"; };
		51CBB2BC1BFF6344007040E3 /* img2_2.png */ = {isa = PBXFileReference; lastKnownFileType = image.png; path = img2_2.png; sourceTree = "<group>"; };
		51CBB2BD1BFF6344007040E3 /* img2_3.png */ = {isa = PBXFileReference; lastKnownFileType = image.png; path = img2_3.png; sourceTree = "<group>"; };
		51CBB2BE1BFF6344007040E3 /* img3_1.png */ = {isa = PBXFileReference; lastKnownFileType = image.png; path = img3_1.png; sourceTree = "<group>"; };
		51CBB2BF1BFF6344007040E3 /* img3_2.png */ = {isa = PBXFileReference; lastKnownFileType = image.png; path = img3_2.png; sourceTree = "<group>"; };
		51CBB2C01BFF6344007040E3 /* img3_3.png */ = {isa = PBXFileReference; lastKnownFileType = image.png; path = img3_3.png; sourceTree = "<group>"; };
		51CBB2C11BFF6344007040E3 /* img4_1.png */ = {isa = PBXFileReference; lastKnownFileType = image.png; path = img4_1.png; sourceTree = "<group>"; };
		51CBB2C21BFF6344007040E3 /* img4_2.png */ = {isa = PBXFileReference; lastKnownFileType = image.png; path = img4_2.png; sourceTree = "<group>"; };
		51CBB2C31BFF6344007040E3 /* img4_3.png */ = {isa = PBXFileReference; lastKnownFileType = image.png; path = img4_3.png; sourceTree = "<group>"; };
		51D4497A1BFF7F21001121C7 /* schools.json */ = {isa = PBXFileReference; fileEncoding = 4; lastKnownFileType = text.json; path = schools.json; sourceTree = "<group>"; };
		51D4497C1BFF82E0001121C7 /* users.json */ = {isa = PBXFileReference; fileEncoding = 4; lastKnownFileType = text.json; path = users.json; sourceTree = "<group>"; };
		51D4497F1BFF87C7001121C7 /* User.h */ = {isa = PBXFileReference; fileEncoding = 4; lastKnownFileType = sourcecode.c.h; path = User.h; sourceTree = "<group>"; };
		51D449801BFF87C7001121C7 /* User.m */ = {isa = PBXFileReference; fileEncoding = 4; lastKnownFileType = sourcecode.c.objc; path = User.m; sourceTree = "<group>"; };
		51D449831BFF9234001121C7 /* MyLib.h */ = {isa = PBXFileReference; fileEncoding = 4; lastKnownFileType = sourcecode.c.h; path = MyLib.h; sourceTree = "<group>"; };
		51D449841BFF9234001121C7 /* MyLib.m */ = {isa = PBXFileReference; fileEncoding = 4; lastKnownFileType = sourcecode.c.objc; path = MyLib.m; sourceTree = "<group>"; };
		51D4499F1BFF9C57001121C7 /* HealthCell.h */ = {isa = PBXFileReference; fileEncoding = 4; lastKnownFileType = sourcecode.c.h; path = HealthCell.h; sourceTree = "<group>"; };
		51D449A01BFF9C57001121C7 /* HealthCell.m */ = {isa = PBXFileReference; fileEncoding = 4; lastKnownFileType = sourcecode.c.objc; path = HealthCell.m; sourceTree = "<group>"; };
		51D449A11BFF9C57001121C7 /* HealthCell.xib */ = {isa = PBXFileReference; fileEncoding = 4; lastKnownFileType = file.xib; path = HealthCell.xib; sourceTree = "<group>"; };
		51D449A41BFFA4A8001121C7 /* health.json */ = {isa = PBXFileReference; fileEncoding = 4; lastKnownFileType = text.json; path = health.json; sourceTree = "<group>"; };
		51D449A61BFFA63B001121C7 /* Health.h */ = {isa = PBXFileReference; fileEncoding = 4; lastKnownFileType = sourcecode.c.h; path = Health.h; sourceTree = "<group>"; };
		51D449A71BFFA63B001121C7 /* Health.m */ = {isa = PBXFileReference; fileEncoding = 4; lastKnownFileType = sourcecode.c.objc; path = Health.m; sourceTree = "<group>"; };
		51D449AC1BFFB70D001121C7 /* AddHealth.h */ = {isa = PBXFileReference; fileEncoding = 4; lastKnownFileType = sourcecode.c.h; path = AddHealth.h; sourceTree = "<group>"; };
		51D449AD1BFFB70D001121C7 /* AddHealth.m */ = {isa = PBXFileReference; fileEncoding = 4; lastKnownFileType = sourcecode.c.objc; path = AddHealth.m; sourceTree = "<group>"; };
		A02661D9D79C61F4AEDFD976 /* Pods.release.xcconfig */ = {isa = PBXFileReference; includeInIndex = 1; lastKnownFileType = text.xcconfig; name = Pods.release.xcconfig; path = "Pods/Target Support Files/Pods/Pods.release.xcconfig"; sourceTree = "<group>"; };
		B17461C75361181AA8523F47 /* libPods.a */ = {isa = PBXFileReference; explicitFileType = archive.ar; includeInIndex = 0; path = libPods.a; sourceTree = BUILT_PRODUCTS_DIR; };
		B7C5F5C44223DB30D15FF2FC /* Pods.debug.xcconfig */ = {isa = PBXFileReference; includeInIndex = 1; lastKnownFileType = text.xcconfig; name = Pods.debug.xcconfig; path = "Pods/Target Support Files/Pods/Pods.debug.xcconfig"; sourceTree = "<group>"; };
		C3B39EC21BFF374D00C4A0EB /* BabeSchool.app */ = {isa = PBXFileReference; explicitFileType = wrapper.application; includeInIndex = 0; path = BabeSchool.app; sourceTree = BUILT_PRODUCTS_DIR; };
		C3B39EC61BFF374D00C4A0EB /* main.m */ = {isa = PBXFileReference; lastKnownFileType = sourcecode.c.objc; path = main.m; sourceTree = "<group>"; };
		C3B39EC81BFF374D00C4A0EB /* AppDelegate.h */ = {isa = PBXFileReference; lastKnownFileType = sourcecode.c.h; path = AppDelegate.h; sourceTree = "<group>"; };
		C3B39EC91BFF374D00C4A0EB /* AppDelegate.m */ = {isa = PBXFileReference; lastKnownFileType = sourcecode.c.objc; path = AppDelegate.m; sourceTree = "<group>"; };
		C3B39ED21BFF374D00C4A0EB /* BabeSchool.xcdatamodel */ = {isa = PBXFileReference; lastKnownFileType = wrapper.xcdatamodel; path = BabeSchool.xcdatamodel; sourceTree = "<group>"; };
		C3B39ED41BFF374D00C4A0EB /* Assets.xcassets */ = {isa = PBXFileReference; lastKnownFileType = folder.assetcatalog; path = Assets.xcassets; sourceTree = "<group>"; };
		C3B39ED71BFF374D00C4A0EB /* Base */ = {isa = PBXFileReference; lastKnownFileType = file.storyboard; name = Base; path = Base.lproj/LaunchScreen.storyboard; sourceTree = "<group>"; };
		C3B39ED91BFF374D00C4A0EB /* Info.plist */ = {isa = PBXFileReference; lastKnownFileType = text.plist.xml; path = Info.plist; sourceTree = "<group>"; };
		C3B39EDE1BFF374D00C4A0EB /* BabeSchoolTests.xctest */ = {isa = PBXFileReference; explicitFileType = wrapper.cfbundle; includeInIndex = 0; path = BabeSchoolTests.xctest; sourceTree = BUILT_PRODUCTS_DIR; };
		C3B39EE21BFF374D00C4A0EB /* BabeSchoolTests.m */ = {isa = PBXFileReference; lastKnownFileType = sourcecode.c.objc; path = BabeSchoolTests.m; sourceTree = "<group>"; };
		C3B39EE41BFF374D00C4A0EB /* Info.plist */ = {isa = PBXFileReference; lastKnownFileType = text.plist.xml; path = Info.plist; sourceTree = "<group>"; };
		C3B39EE91BFF374D00C4A0EB /* BabeSchoolUITests.xctest */ = {isa = PBXFileReference; explicitFileType = wrapper.cfbundle; includeInIndex = 0; path = BabeSchoolUITests.xctest; sourceTree = BUILT_PRODUCTS_DIR; };
		C3B39EED1BFF374D00C4A0EB /* BabeSchoolUITests.m */ = {isa = PBXFileReference; lastKnownFileType = sourcecode.c.objc; path = BabeSchoolUITests.m; sourceTree = "<group>"; };
		C3B39EEF1BFF374D00C4A0EB /* Info.plist */ = {isa = PBXFileReference; lastKnownFileType = text.plist.xml; path = Info.plist; sourceTree = "<group>"; };
/* End PBXFileReference section */

/* Begin PBXFrameworksBuildPhase section */
		C3B39EBF1BFF374D00C4A0EB /* Frameworks */ = {
			isa = PBXFrameworksBuildPhase;
			buildActionMask = 2147483647;
			files = (
				513434AB1BFFF5AA008858EE /* ParseUI.framework in Frameworks */,
				127734661BFFE93600E811A5 /* libsqlite3.0.tbd in Frameworks */,
				127734671BFFE93600E811A5 /* libsqlite3.tbd in Frameworks */,
				127734611BFFE6C400E811A5 /* Bolts.framework in Frameworks */,
				127734621BFFE6C400E811A5 /* Parse.framework in Frameworks */,
				127734631BFFE6C400E811A5 /* ParseUI.framework in Frameworks */,
				B7F896246B16724A7E847B8D /* libPods.a in Frameworks */,
				513434A91BFFF574008858EE /* Parse.framework in Frameworks */,
				513434A81BFFF574008858EE /* Bolts.framework in Frameworks */,
			);
			runOnlyForDeploymentPostprocessing = 0;
		};
		C3B39EDB1BFF374D00C4A0EB /* Frameworks */ = {
			isa = PBXFrameworksBuildPhase;
			buildActionMask = 2147483647;
			files = (
			);
			runOnlyForDeploymentPostprocessing = 0;
		};
		C3B39EE61BFF374D00C4A0EB /* Frameworks */ = {
			isa = PBXFrameworksBuildPhase;
			buildActionMask = 2147483647;
			files = (
			);
			runOnlyForDeploymentPostprocessing = 0;
		};
/* End PBXFrameworksBuildPhase section */

/* Begin PBXGroup section */
		125CF4021BFF3BF60049D6D8 /* Support */ = {
			isa = PBXGroup;
			children = (
				513434AA1BFFF5AA008858EE /* ParseUI.framework */,
				513434A61BFFF574008858EE /* Bolts.framework */,
				513434A71BFFF574008858EE /* Parse.framework */,
				51CBB2D01BFF6346007040E3 /* Resource */,
				12601B451BFF484C0070F8D2 /* RateView.h */,
				12601B461BFF484C0070F8D2 /* RateView.m */,
				125CF4031BFF3C040049D6D8 /* KASlideShow.h */,
				125CF4041BFF3C040049D6D8 /* KASlideShow.m */,
			);
			name = Support;
			sourceTree = "<group>";
		};
		12601B3F1BFF441F0070F8D2 /* School Detail */ = {
			isa = PBXGroup;
			children = (
				12601B6C1BFF54A50070F8D2 /* SchoolDetailViewController.h */,
				12601B6D1BFF54A50070F8D2 /* SchoolDetailViewController.m */,
				12601B6E1BFF54A50070F8D2 /* SchoolDetailViewController.xib */,
			);
			name = "School Detail";
			sourceTree = "<group>";
		};
		12601B4B1BFF4A5F0070F8D2 /* Funtion View */ = {
			isa = PBXGroup;
			children = (
				1277346D1BFFF77900E811A5 /* Game */,
				51D449AB1BFFB6D9001121C7 /* Notice */,
				51D449AA1BFFB6C8001121C7 /* Menu */,
				51D449A91BFFB6B9001121C7 /* Live Stream */,
				51D4499E1BFF9C33001121C7 /* Health Status */,
				12601B611BFF4FCE0070F8D2 /* FunctionViewController.h */,
				12601B621BFF4FCE0070F8D2 /* FunctionViewController.m */,
				12601B631BFF4FCE0070F8D2 /* FunctionViewController.xib */,
			);
			name = "Funtion View";
			sourceTree = "<group>";
		};
		12601BDA1BFF74350070F8D2 /* School btn */ = {
			isa = PBXGroup;
			children = (
				12601BE71BFF76740070F8D2 /* img_login.png */,
				12601BDC1BFF748C0070F8D2 /* img_danhgia.png */,
				12601BDD1BFF748C0070F8D2 /* img_map.png */,
				12601BDE1BFF748C0070F8D2 /* img_mota.png */,
				12601BDF1BFF748C0070F8D2 /* img_thuchi.png */,
			);
			name = "School btn";
			sourceTree = "<group>";
		};
		1277346D1BFFF77900E811A5 /* Game */ = {
			isa = PBXGroup;
			children = (
				1277346E1BFFF79500E811A5 /* GameViewController.h */,
				1277346F1BFFF79500E811A5 /* GameViewController.m */,
				127734701BFFF79500E811A5 /* GameViewController.xib */,
			);
			name = Game;
			sourceTree = "<group>";
		};
		51CBB2981BFF3D7A007040E3 /* ViewController */ = {
			isa = PBXGroup;
			children = (
				51CBB2A51BFF49BE007040E3 /* Login */,
				51CBB29E1BFF3DAE007040E3 /* School  */,
			);
			name = ViewController;
			sourceTree = "<group>";
		};
		51CBB29E1BFF3DAE007040E3 /* School  */ = {
			isa = PBXGroup;
			children = (
				12601B4B1BFF4A5F0070F8D2 /* Funtion View */,
				12601B3F1BFF441F0070F8D2 /* School Detail */,
				51CBB29F1BFF3E41007040E3 /* ListSchool */,
			);
			name = "School ";
			sourceTree = "<group>";
		};
		51CBB29F1BFF3E41007040E3 /* ListSchool */ = {
			isa = PBXGroup;
			children = (
				51CBB2991BFF3D9C007040E3 /* ListSchoolViewController.h */,
				51CBB29A1BFF3D9C007040E3 /* ListSchoolViewController.m */,
				51CBB29B1BFF3D9C007040E3 /* ListSchoolViewController.xib */,
				51CBB2A01BFF3ED0007040E3 /* SchoolCell.h */,
				51CBB2A11BFF3ED1007040E3 /* SchoolCell.m */,
				51CBB2A21BFF3ED1007040E3 /* SchoolCell.xib */,
			);
			name = ListSchool;
			sourceTree = "<group>";
		};
		51CBB2A51BFF49BE007040E3 /* Login */ = {
			isa = PBXGroup;
			children = (
				51CBB2A61BFF49D3007040E3 /* LoginViewController.h */,
				51CBB2A71BFF49D3007040E3 /* LoginViewController.m */,
				51CBB2A81BFF49D3007040E3 /* LoginViewController.xib */,
			);
			name = Login;
			sourceTree = "<group>";
		};
		51CBB2D01BFF6346007040E3 /* Resource */ = {
			isa = PBXGroup;
			children = (
				513434A41BFFEAE3008858EE /* btn_cancel@2x.png */,
				12601C031BFF99000070F8D2 /* img_btn.png */,
				12601C011BFF95CA0070F8D2 /* bg_function@2x.png */,
				12601BCE1BFF66110070F8D2 /* bg_btn.png */,
				12601BCF1BFF66110070F8D2 /* separate.png */,
				12601BFF1BFF8E3E0070F8D2 /* bg_menu@2x.png */,
				51D4497E1BFF8793001121C7 /* Model */,
				12601BDA1BFF74350070F8D2 /* School btn */,
				51CBB2B81BFF6344007040E3 /* img1_1.png */,
				51CBB2B91BFF6344007040E3 /* img1_2.png */,
				51CBB2BA1BFF6344007040E3 /* img1_3.png */,
				51CBB2BB1BFF6344007040E3 /* img2_1.png */,
				51CBB2BC1BFF6344007040E3 /* img2_2.png */,
				51CBB2BD1BFF6344007040E3 /* img2_3.png */,
				51CBB2BE1BFF6344007040E3 /* img3_1.png */,
				51CBB2BF1BFF6344007040E3 /* img3_2.png */,
				51CBB2C01BFF6344007040E3 /* img3_3.png */,
				51CBB2C11BFF6344007040E3 /* img4_1.png */,
				51CBB2C21BFF6344007040E3 /* img4_2.png */,
				51CBB2C31BFF6344007040E3 /* img4_3.png */,
				51CBB2B41BFF5FCA007040E3 /* background@2x.png */,
				12601C051BFF9DC00070F8D2 /* menu.json */,
				51D4497A1BFF7F21001121C7 /* schools.json */,
				51D4497C1BFF82E0001121C7 /* users.json */,
				51D449A41BFFA4A8001121C7 /* health.json */,
			);
			name = Resource;
			sourceTree = "<group>";
		};
		51D4497E1BFF8793001121C7 /* Model */ = {
			isa = PBXGroup;
			children = (
				12601B481BFF49D30070F8D2 /* School.h */,
				12601B491BFF49D30070F8D2 /* School.m */,
				51D4497F1BFF87C7001121C7 /* User.h */,
				51D449801BFF87C7001121C7 /* User.m */,
				51D449A61BFFA63B001121C7 /* Health.h */,
				51D449A71BFFA63B001121C7 /* Health.m */,
				12601C071BFF9E2C0070F8D2 /* foodmenu.h */,
				12601C081BFF9E2C0070F8D2 /* foodmenu.m */,
			);
			name = Model;
			sourceTree = "<group>";
		};
		51D449821BFF9217001121C7 /* Lib */ = {
			isa = PBXGroup;
			children = (
				51D449AF1BFFB7FC001121C7 /* KLCPopup */,
				51D449831BFF9234001121C7 /* MyLib.h */,
				51D449841BFF9234001121C7 /* MyLib.m */,
			);
			name = Lib;
			sourceTree = "<group>";
		};
		51D4499E1BFF9C33001121C7 /* Health Status */ = {
			isa = PBXGroup;
			children = (
				12601BF31BFF88800070F8D2 /* SucKhoeViewController.h */,
				12601BF41BFF88800070F8D2 /* SucKhoeViewController.m */,
				12601BF51BFF88800070F8D2 /* SucKhoeViewController.xib */,
				51D4499F1BFF9C57001121C7 /* HealthCell.h */,
				51D449A01BFF9C57001121C7 /* HealthCell.m */,
				51D449A11BFF9C57001121C7 /* HealthCell.xib */,
				51D449AC1BFFB70D001121C7 /* AddHealth.h */,
				51D449AD1BFFB70D001121C7 /* AddHealth.m */,
				513434A21BFFE517008858EE /* AddHealth.xib */,
			);
			name = "Health Status";
			sourceTree = "<group>";
		};
		51D449A91BFFB6B9001121C7 /* Live Stream */ = {
			isa = PBXGroup;
			children = (
				12601BE91BFF88100070F8D2 /* LiveStreamViewController.h */,
				12601BEA1BFF88100070F8D2 /* LiveStreamViewController.m */,
				12601BEB1BFF88100070F8D2 /* LiveStreamViewController.xib */,
			);
			name = "Live Stream";
			sourceTree = "<group>";
		};
		51D449AA1BFFB6C8001121C7 /* Menu */ = {
			isa = PBXGroup;
			children = (
				12601BEE1BFF88680070F8D2 /* ThucDonViewController.h */,
				12601BEF1BFF88680070F8D2 /* ThucDonViewController.m */,
				12601BF01BFF88680070F8D2 /* ThucDonViewController.xib */,
			);
			name = Menu;
			sourceTree = "<group>";
		};
		51D449AB1BFFB6D9001121C7 /* Notice */ = {
			isa = PBXGroup;
			children = (
				12601BF81BFF888F0070F8D2 /* ThongBaoViewController.h */,
				12601BF91BFF888F0070F8D2 /* ThongBaoViewController.m */,
				12601BFA1BFF888F0070F8D2 /* ThongBaoViewController.xib */,
			);
			name = Notice;
			sourceTree = "<group>";
		};
		51D449AF1BFFB7FC001121C7 /* KLCPopup */ = {
			isa = PBXGroup;
			children = (
				5134349F1BFFE387008858EE /* KLCPopup.h */,
				513434A01BFFE387008858EE /* KLCPopup.m */,
			);
			name = KLCPopup;
			sourceTree = "<group>";
		};
		7079E567A92BBB7ADF54141E /* Frameworks */ = {
			isa = PBXGroup;
			children = (
				127734641BFFE93600E811A5 /* libsqlite3.0.tbd */,
				127734651BFFE93600E811A5 /* libsqlite3.tbd */,
				1277345E1BFFE6C400E811A5 /* Bolts.framework */,
				1277345F1BFFE6C400E811A5 /* Parse.framework */,
				127734601BFFE6C400E811A5 /* ParseUI.framework */,
				B17461C75361181AA8523F47 /* libPods.a */,
			);
			name = Frameworks;
			sourceTree = "<group>";
		};
		BEEB15A6F79F779FAD142408 /* Pods */ = {
			isa = PBXGroup;
			children = (
				B7C5F5C44223DB30D15FF2FC /* Pods.debug.xcconfig */,
				A02661D9D79C61F4AEDFD976 /* Pods.release.xcconfig */,
			);
			name = Pods;
			sourceTree = "<group>";
		};
		C3B39EB91BFF374D00C4A0EB = {
			isa = PBXGroup;
			children = (
				C3B39EC41BFF374D00C4A0EB /* BabeSchool */,
				C3B39EE11BFF374D00C4A0EB /* BabeSchoolTests */,
				C3B39EEC1BFF374D00C4A0EB /* BabeSchoolUITests */,
				C3B39EC31BFF374D00C4A0EB /* Products */,
				BEEB15A6F79F779FAD142408 /* Pods */,
				7079E567A92BBB7ADF54141E /* Frameworks */,
			);
			sourceTree = "<group>";
		};
		C3B39EC31BFF374D00C4A0EB /* Products */ = {
			isa = PBXGroup;
			children = (
				C3B39EC21BFF374D00C4A0EB /* BabeSchool.app */,
				C3B39EDE1BFF374D00C4A0EB /* BabeSchoolTests.xctest */,
				C3B39EE91BFF374D00C4A0EB /* BabeSchoolUITests.xctest */,
			);
			name = Products;
			sourceTree = "<group>";
		};
		C3B39EC41BFF374D00C4A0EB /* BabeSchool */ = {
			isa = PBXGroup;
			children = (
				51D449821BFF9217001121C7 /* Lib */,
				51CBB2981BFF3D7A007040E3 /* ViewController */,
				125CF4021BFF3BF60049D6D8 /* Support */,
				C3B39EC81BFF374D00C4A0EB /* AppDelegate.h */,
				C3B39EC91BFF374D00C4A0EB /* AppDelegate.m */,
				C3B39ED41BFF374D00C4A0EB /* Assets.xcassets */,
				C3B39ED61BFF374D00C4A0EB /* LaunchScreen.storyboard */,
				C3B39ED91BFF374D00C4A0EB /* Info.plist */,
				C3B39ED11BFF374D00C4A0EB /* BabeSchool.xcdatamodeld */,
				C3B39EC51BFF374D00C4A0EB /* Supporting Files */,
			);
			path = BabeSchool;
			sourceTree = "<group>";
		};
		C3B39EC51BFF374D00C4A0EB /* Supporting Files */ = {
			isa = PBXGroup;
			children = (
				C3B39EC61BFF374D00C4A0EB /* main.m */,
			);
			name = "Supporting Files";
			sourceTree = "<group>";
		};
		C3B39EE11BFF374D00C4A0EB /* BabeSchoolTests */ = {
			isa = PBXGroup;
			children = (
				C3B39EE21BFF374D00C4A0EB /* BabeSchoolTests.m */,
				C3B39EE41BFF374D00C4A0EB /* Info.plist */,
			);
			path = BabeSchoolTests;
			sourceTree = "<group>";
		};
		C3B39EEC1BFF374D00C4A0EB /* BabeSchoolUITests */ = {
			isa = PBXGroup;
			children = (
				C3B39EED1BFF374D00C4A0EB /* BabeSchoolUITests.m */,
				C3B39EEF1BFF374D00C4A0EB /* Info.plist */,
			);
			path = BabeSchoolUITests;
			sourceTree = "<group>";
		};
/* End PBXGroup section */

/* Begin PBXNativeTarget section */
		C3B39EC11BFF374D00C4A0EB /* BabeSchool */ = {
			isa = PBXNativeTarget;
			buildConfigurationList = C3B39EF21BFF374D00C4A0EB /* Build configuration list for PBXNativeTarget "BabeSchool" */;
			buildPhases = (
				1D00CFB67C63C88B4C81B74B /* Check Pods Manifest.lock */,
				C3B39EBE1BFF374D00C4A0EB /* Sources */,
				C3B39EBF1BFF374D00C4A0EB /* Frameworks */,
				C3B39EC01BFF374D00C4A0EB /* Resources */,
				4EA06D8D06FB305BBF7B05E0 /* Copy Pods Resources */,
			);
			buildRules = (
			);
			dependencies = (
			);
			name = BabeSchool;
			productName = BabeSchool;
			productReference = C3B39EC21BFF374D00C4A0EB /* BabeSchool.app */;
			productType = "com.apple.product-type.application";
		};
		C3B39EDD1BFF374D00C4A0EB /* BabeSchoolTests */ = {
			isa = PBXNativeTarget;
			buildConfigurationList = C3B39EF51BFF374D00C4A0EB /* Build configuration list for PBXNativeTarget "BabeSchoolTests" */;
			buildPhases = (
				C3B39EDA1BFF374D00C4A0EB /* Sources */,
				C3B39EDB1BFF374D00C4A0EB /* Frameworks */,
				C3B39EDC1BFF374D00C4A0EB /* Resources */,
			);
			buildRules = (
			);
			dependencies = (
				C3B39EE01BFF374D00C4A0EB /* PBXTargetDependency */,
			);
			name = BabeSchoolTests;
			productName = BabeSchoolTests;
			productReference = C3B39EDE1BFF374D00C4A0EB /* BabeSchoolTests.xctest */;
			productType = "com.apple.product-type.bundle.unit-test";
		};
		C3B39EE81BFF374D00C4A0EB /* BabeSchoolUITests */ = {
			isa = PBXNativeTarget;
			buildConfigurationList = C3B39EF81BFF374D00C4A0EB /* Build configuration list for PBXNativeTarget "BabeSchoolUITests" */;
			buildPhases = (
				C3B39EE51BFF374D00C4A0EB /* Sources */,
				C3B39EE61BFF374D00C4A0EB /* Frameworks */,
				C3B39EE71BFF374D00C4A0EB /* Resources */,
			);
			buildRules = (
			);
			dependencies = (
				C3B39EEB1BFF374D00C4A0EB /* PBXTargetDependency */,
			);
			name = BabeSchoolUITests;
			productName = BabeSchoolUITests;
			productReference = C3B39EE91BFF374D00C4A0EB /* BabeSchoolUITests.xctest */;
			productType = "com.apple.product-type.bundle.ui-testing";
		};
/* End PBXNativeTarget section */

/* Begin PBXProject section */
		C3B39EBA1BFF374D00C4A0EB /* Project object */ = {
			isa = PBXProject;
			attributes = {
				LastUpgradeCheck = 0710;
				ORGANIZATIONNAME = "Nguyễn Chí Hoàng";
				TargetAttributes = {
					C3B39EC11BFF374D00C4A0EB = {
						CreatedOnToolsVersion = 7.1.1;
						DevelopmentTeam = PTPW2TG53A;
					};
					C3B39EDD1BFF374D00C4A0EB = {
						CreatedOnToolsVersion = 7.1.1;
						DevelopmentTeam = PTPW2TG53A;
						TestTargetID = C3B39EC11BFF374D00C4A0EB;
					};
					C3B39EE81BFF374D00C4A0EB = {
						CreatedOnToolsVersion = 7.1.1;
						DevelopmentTeam = PTPW2TG53A;
						TestTargetID = C3B39EC11BFF374D00C4A0EB;
					};
				};
			};
			buildConfigurationList = C3B39EBD1BFF374D00C4A0EB /* Build configuration list for PBXProject "BabeSchool" */;
			compatibilityVersion = "Xcode 3.2";
			developmentRegion = English;
			hasScannedForEncodings = 0;
			knownRegions = (
				en,
				Base,
			);
			mainGroup = C3B39EB91BFF374D00C4A0EB;
			productRefGroup = C3B39EC31BFF374D00C4A0EB /* Products */;
			projectDirPath = "";
			projectRoot = "";
			targets = (
				C3B39EC11BFF374D00C4A0EB /* BabeSchool */,
				C3B39EDD1BFF374D00C4A0EB /* BabeSchoolTests */,
				C3B39EE81BFF374D00C4A0EB /* BabeSchoolUITests */,
			);
		};
/* End PBXProject section */

/* Begin PBXResourcesBuildPhase section */
		C3B39EC01BFF374D00C4A0EB /* Resources */ = {
			isa = PBXResourcesBuildPhase;
			buildActionMask = 2147483647;
			files = (
				51CBB2AA1BFF49D3007040E3 /* LoginViewController.xib in Resources */,
				12601BF21BFF88680070F8D2 /* ThucDonViewController.xib in Resources */,
				51CBB2C61BFF6344007040E3 /* img1_3.png in Resources */,
				12601BE31BFF748C0070F8D2 /* img_mota.png in Resources */,
				12601BD11BFF66110070F8D2 /* separate.png in Resources */,
				513434A51BFFEAE3008858EE /* btn_cancel@2x.png in Resources */,
				51D4497D1BFF82E0001121C7 /* users.json in Resources */,
				51CBB2B51BFF5FCA007040E3 /* background@2x.png in Resources */,
				12601B701BFF54A50070F8D2 /* SchoolDetailViewController.xib in Resources */,
				51CBB2C41BFF6344007040E3 /* img1_1.png in Resources */,
				12601BE41BFF748C0070F8D2 /* img_thuchi.png in Resources */,
				51D449A31BFF9C57001121C7 /* HealthCell.xib in Resources */,
				12601BFC1BFF888F0070F8D2 /* ThongBaoViewController.xib in Resources */,
				12601BED1BFF88100070F8D2 /* LiveStreamViewController.xib in Resources */,
				51D449A51BFFA4A8001121C7 /* health.json in Resources */,
				51CBB2CB1BFF6344007040E3 /* img3_2.png in Resources */,
				12601B651BFF4FCE0070F8D2 /* FunctionViewController.xib in Resources */,
				12601C041BFF99000070F8D2 /* img_btn.png in Resources */,
				51CBB2CE1BFF6344007040E3 /* img4_2.png in Resources */,
				51D4497B1BFF7F21001121C7 /* schools.json in Resources */,
				51CBB2CD1BFF6344007040E3 /* img4_1.png in Resources */,
				51CBB2CC1BFF6344007040E3 /* img3_3.png in Resources */,
				12601BE11BFF748C0070F8D2 /* img_danhgia.png in Resources */,
				12601BF71BFF88800070F8D2 /* SucKhoeViewController.xib in Resources */,
				C3B39ED81BFF374D00C4A0EB /* LaunchScreen.storyboard in Resources */,
				12601C021BFF95CA0070F8D2 /* bg_function@2x.png in Resources */,
				12601BE81BFF76740070F8D2 /* img_login.png in Resources */,
				12601C001BFF8E3E0070F8D2 /* bg_menu@2x.png in Resources */,
				51CBB29D1BFF3D9C007040E3 /* ListSchoolViewController.xib in Resources */,
				51CBB2C81BFF6344007040E3 /* img2_2.png in Resources */,
				51CBB2CF1BFF6344007040E3 /* img4_3.png in Resources */,
				12601BD01BFF66110070F8D2 /* bg_btn.png in Resources */,
				127734721BFFF79500E811A5 /* GameViewController.xib in Resources */,
				51CBB2CA1BFF6344007040E3 /* img3_1.png in Resources */,
				51CBB2C51BFF6344007040E3 /* img1_2.png in Resources */,
				51CBB2C71BFF6344007040E3 /* img2_1.png in Resources */,
				C3B39ED51BFF374D00C4A0EB /* Assets.xcassets in Resources */,
				51CBB2A41BFF3ED1007040E3 /* SchoolCell.xib in Resources */,
				12601C061BFF9DC00070F8D2 /* menu.json in Resources */,
				513434A31BFFE517008858EE /* AddHealth.xib in Resources */,
				51CBB2C91BFF6344007040E3 /* img2_3.png in Resources */,
				12601BE21BFF748C0070F8D2 /* img_map.png in Resources */,
			);
			runOnlyForDeploymentPostprocessing = 0;
		};
		C3B39EDC1BFF374D00C4A0EB /* Resources */ = {
			isa = PBXResourcesBuildPhase;
			buildActionMask = 2147483647;
			files = (
			);
			runOnlyForDeploymentPostprocessing = 0;
		};
		C3B39EE71BFF374D00C4A0EB /* Resources */ = {
			isa = PBXResourcesBuildPhase;
			buildActionMask = 2147483647;
			files = (
			);
			runOnlyForDeploymentPostprocessing = 0;
		};
/* End PBXResourcesBuildPhase section */

/* Begin PBXShellScriptBuildPhase section */
		1D00CFB67C63C88B4C81B74B /* Check Pods Manifest.lock */ = {
			isa = PBXShellScriptBuildPhase;
			buildActionMask = 2147483647;
			files = (
			);
			inputPaths = (
			);
			name = "Check Pods Manifest.lock";
			outputPaths = (
			);
			runOnlyForDeploymentPostprocessing = 0;
			shellPath = /bin/sh;
			shellScript = "diff \"${PODS_ROOT}/../Podfile.lock\" \"${PODS_ROOT}/Manifest.lock\" > /dev/null\nif [[ $? != 0 ]] ; then\n    cat << EOM\nerror: The sandbox is not in sync with the Podfile.lock. Run 'pod install' or update your CocoaPods installation.\nEOM\n    exit 1\nfi\n";
			showEnvVarsInLog = 0;
		};
		4EA06D8D06FB305BBF7B05E0 /* Copy Pods Resources */ = {
			isa = PBXShellScriptBuildPhase;
			buildActionMask = 2147483647;
			files = (
			);
			inputPaths = (
			);
			name = "Copy Pods Resources";
			outputPaths = (
			);
			runOnlyForDeploymentPostprocessing = 0;
			shellPath = /bin/sh;
			shellScript = "\"${SRCROOT}/Pods/Target Support Files/Pods/Pods-resources.sh\"\n";
			showEnvVarsInLog = 0;
		};
/* End PBXShellScriptBuildPhase section */

/* Begin PBXSourcesBuildPhase section */
		C3B39EBE1BFF374D00C4A0EB /* Sources */ = {
			isa = PBXSourcesBuildPhase;
			buildActionMask = 2147483647;
			files = (
				51D449811BFF87C7001121C7 /* User.m in Sources */,
				12601B641BFF4FCE0070F8D2 /* FunctionViewController.m in Sources */,
				51CBB2A91BFF49D3007040E3 /* LoginViewController.m in Sources */,
				12601B471BFF484C0070F8D2 /* RateView.m in Sources */,
				12601BFB1BFF888F0070F8D2 /* ThongBaoViewController.m in Sources */,
				12601B4A1BFF49D30070F8D2 /* School.m in Sources */,
				12601B6F1BFF54A50070F8D2 /* SchoolDetailViewController.m in Sources */,
				51D449851BFF9234001121C7 /* MyLib.m in Sources */,
				12601BEC1BFF88100070F8D2 /* LiveStreamViewController.m in Sources */,
				C3B39ED31BFF374D00C4A0EB /* BabeSchool.xcdatamodeld in Sources */,
				12601C091BFF9E2C0070F8D2 /* foodmenu.m in Sources */,
				12601BF11BFF88680070F8D2 /* ThucDonViewController.m in Sources */,
				51CBB29C1BFF3D9C007040E3 /* ListSchoolViewController.m in Sources */,
				C3B39ECA1BFF374D00C4A0EB /* AppDelegate.m in Sources */,
				51D449A21BFF9C57001121C7 /* HealthCell.m in Sources */,
				12601BF61BFF88800070F8D2 /* SucKhoeViewController.m in Sources */,
				51CBB2A31BFF3ED1007040E3 /* SchoolCell.m in Sources */,
				125CF4051BFF3C040049D6D8 /* KASlideShow.m in Sources */,
				51D449AE1BFFB70D001121C7 /* AddHealth.m in Sources */,
				513434A11BFFE387008858EE /* KLCPopup.m in Sources */,
				127734711BFFF79500E811A5 /* GameViewController.m in Sources */,
				51D449A81BFFA63C001121C7 /* Health.m in Sources */,
				C3B39EC71BFF374D00C4A0EB /* main.m in Sources */,
			);
			runOnlyForDeploymentPostprocessing = 0;
		};
		C3B39EDA1BFF374D00C4A0EB /* Sources */ = {
			isa = PBXSourcesBuildPhase;
			buildActionMask = 2147483647;
			files = (
				C3B39EE31BFF374D00C4A0EB /* BabeSchoolTests.m in Sources */,
			);
			runOnlyForDeploymentPostprocessing = 0;
		};
		C3B39EE51BFF374D00C4A0EB /* Sources */ = {
			isa = PBXSourcesBuildPhase;
			buildActionMask = 2147483647;
			files = (
				C3B39EEE1BFF374D00C4A0EB /* BabeSchoolUITests.m in Sources */,
			);
			runOnlyForDeploymentPostprocessing = 0;
		};
/* End PBXSourcesBuildPhase section */

/* Begin PBXTargetDependency section */
		C3B39EE01BFF374D00C4A0EB /* PBXTargetDependency */ = {
			isa = PBXTargetDependency;
			target = C3B39EC11BFF374D00C4A0EB /* BabeSchool */;
			targetProxy = C3B39EDF1BFF374D00C4A0EB /* PBXContainerItemProxy */;
		};
		C3B39EEB1BFF374D00C4A0EB /* PBXTargetDependency */ = {
			isa = PBXTargetDependency;
			target = C3B39EC11BFF374D00C4A0EB /* BabeSchool */;
			targetProxy = C3B39EEA1BFF374D00C4A0EB /* PBXContainerItemProxy */;
		};
/* End PBXTargetDependency section */

/* Begin PBXVariantGroup section */
		C3B39ED61BFF374D00C4A0EB /* LaunchScreen.storyboard */ = {
			isa = PBXVariantGroup;
			children = (
				C3B39ED71BFF374D00C4A0EB /* Base */,
			);
			name = LaunchScreen.storyboard;
			sourceTree = "<group>";
		};
/* End PBXVariantGroup section */

/* Begin XCBuildConfiguration section */
		C3B39EF01BFF374D00C4A0EB /* Debug */ = {
			isa = XCBuildConfiguration;
			buildSettings = {
				ALWAYS_SEARCH_USER_PATHS = NO;
				CLANG_CXX_LANGUAGE_STANDARD = "gnu++0x";
				CLANG_CXX_LIBRARY = "libc++";
				CLANG_ENABLE_MODULES = YES;
				CLANG_ENABLE_OBJC_ARC = YES;
				CLANG_WARN_BOOL_CONVERSION = YES;
				CLANG_WARN_CONSTANT_CONVERSION = YES;
				CLANG_WARN_DIRECT_OBJC_ISA_USAGE = YES_ERROR;
				CLANG_WARN_EMPTY_BODY = YES;
				CLANG_WARN_ENUM_CONVERSION = YES;
				CLANG_WARN_INT_CONVERSION = YES;
				CLANG_WARN_OBJC_ROOT_CLASS = YES_ERROR;
				CLANG_WARN_UNREACHABLE_CODE = YES;
				CLANG_WARN__DUPLICATE_METHOD_MATCH = YES;
				"CODE_SIGN_IDENTITY[sdk=iphoneos*]" = "";
				COPY_PHASE_STRIP = NO;
				DEBUG_INFORMATION_FORMAT = dwarf;
				ENABLE_BITCODE = NO;
				ENABLE_STRICT_OBJC_MSGSEND = YES;
				ENABLE_TESTABILITY = YES;
				GCC_C_LANGUAGE_STANDARD = gnu99;
				GCC_DYNAMIC_NO_PIC = NO;
				GCC_NO_COMMON_BLOCKS = YES;
				GCC_OPTIMIZATION_LEVEL = 0;
				GCC_PREPROCESSOR_DEFINITIONS = (
					"DEBUG=1",
					"$(inherited)",
				);
				GCC_WARN_64_TO_32_BIT_CONVERSION = YES;
				GCC_WARN_ABOUT_RETURN_TYPE = YES_ERROR;
				GCC_WARN_UNDECLARED_SELECTOR = YES;
				GCC_WARN_UNINITIALIZED_AUTOS = YES_AGGRESSIVE;
				GCC_WARN_UNUSED_FUNCTION = YES;
				GCC_WARN_UNUSED_VARIABLE = YES;
				IPHONEOS_DEPLOYMENT_TARGET = 8.4;
				MTL_ENABLE_DEBUG_INFO = YES;
				ONLY_ACTIVE_ARCH = YES;
				PROVISIONING_PROFILE = "e4f4b82a-5683-4be7-a00c-12a54c64faaf";
				SDKROOT = iphoneos;
			};
			name = Debug;
		};
		C3B39EF11BFF374D00C4A0EB /* Release */ = {
			isa = XCBuildConfiguration;
			buildSettings = {
				ALWAYS_SEARCH_USER_PATHS = NO;
				CLANG_CXX_LANGUAGE_STANDARD = "gnu++0x";
				CLANG_CXX_LIBRARY = "libc++";
				CLANG_ENABLE_MODULES = YES;
				CLANG_ENABLE_OBJC_ARC = YES;
				CLANG_WARN_BOOL_CONVERSION = YES;
				CLANG_WARN_CONSTANT_CONVERSION = YES;
				CLANG_WARN_DIRECT_OBJC_ISA_USAGE = YES_ERROR;
				CLANG_WARN_EMPTY_BODY = YES;
				CLANG_WARN_ENUM_CONVERSION = YES;
				CLANG_WARN_INT_CONVERSION = YES;
				CLANG_WARN_OBJC_ROOT_CLASS = YES_ERROR;
				CLANG_WARN_UNREACHABLE_CODE = YES;
				CLANG_WARN__DUPLICATE_METHOD_MATCH = YES;
				"CODE_SIGN_IDENTITY[sdk=iphoneos*]" = "";
				COPY_PHASE_STRIP = NO;
				DEBUG_INFORMATION_FORMAT = "dwarf-with-dsym";
				ENABLE_BITCODE = NO;
				ENABLE_NS_ASSERTIONS = NO;
				ENABLE_STRICT_OBJC_MSGSEND = YES;
				GCC_C_LANGUAGE_STANDARD = gnu99;
				GCC_NO_COMMON_BLOCKS = YES;
				GCC_WARN_64_TO_32_BIT_CONVERSION = YES;
				GCC_WARN_ABOUT_RETURN_TYPE = YES_ERROR;
				GCC_WARN_UNDECLARED_SELECTOR = YES;
				GCC_WARN_UNINITIALIZED_AUTOS = YES_AGGRESSIVE;
				GCC_WARN_UNUSED_FUNCTION = YES;
				GCC_WARN_UNUSED_VARIABLE = YES;
				IPHONEOS_DEPLOYMENT_TARGET = 8.4;
				MTL_ENABLE_DEBUG_INFO = NO;
				PROVISIONING_PROFILE = "e4f4b82a-5683-4be7-a00c-12a54c64faaf";
				SDKROOT = iphoneos;
				VALIDATE_PRODUCT = YES;
			};
			name = Release;
		};
		C3B39EF31BFF374D00C4A0EB /* Debug */ = {
			isa = XCBuildConfiguration;
			baseConfigurationReference = B7C5F5C44223DB30D15FF2FC /* Pods.debug.xcconfig */;
			buildSettings = {
				ASSETCATALOG_COMPILER_APPICON_NAME = AppIcon;
				FRAMEWORK_SEARCH_PATHS = (
					"$(inherited)",
					"$(PROJECT_DIR)/BabeSchool/parse-library-1.10.0",
					"$(PROJECT_DIR)/BabeSchool",
				);
				INFOPLIST_FILE = BabeSchool/Info.plist;
				IPHONEOS_DEPLOYMENT_TARGET = 7.1;
				LD_RUNPATH_SEARCH_PATHS = "$(inherited) @executable_path/Frameworks";
				PRODUCT_BUNDLE_IDENTIFIER = com.snapuet.BabeSchool;
				PRODUCT_NAME = "$(TARGET_NAME)";
			};
			name = Debug;
		};
		C3B39EF41BFF374D00C4A0EB /* Release */ = {
			isa = XCBuildConfiguration;
			baseConfigurationReference = A02661D9D79C61F4AEDFD976 /* Pods.release.xcconfig */;
			buildSettings = {
				ASSETCATALOG_COMPILER_APPICON_NAME = AppIcon;
				FRAMEWORK_SEARCH_PATHS = (
					"$(inherited)",
					"$(PROJECT_DIR)/BabeSchool/parse-library-1.10.0",
					"$(PROJECT_DIR)/BabeSchool",
				);
				INFOPLIST_FILE = BabeSchool/Info.plist;
				IPHONEOS_DEPLOYMENT_TARGET = 7.1;
				LD_RUNPATH_SEARCH_PATHS = "$(inherited) @executable_path/Frameworks";
				PRODUCT_BUNDLE_IDENTIFIER = com.snapuet.BabeSchool;
				PRODUCT_NAME = "$(TARGET_NAME)";
			};
			name = Release;
		};
		C3B39EF61BFF374D00C4A0EB /* Debug */ = {
			isa = XCBuildConfiguration;
			buildSettings = {
				BUNDLE_LOADER = "$(TEST_HOST)";
				INFOPLIST_FILE = BabeSchoolTests/Info.plist;
				LD_RUNPATH_SEARCH_PATHS = "$(inherited) @executable_path/Frameworks @loader_path/Frameworks";
				PRODUCT_BUNDLE_IDENTIFIER = com.snapuet.BabeSchoolTests;
				PRODUCT_NAME = "$(TARGET_NAME)";
				TEST_HOST = "$(BUILT_PRODUCTS_DIR)/BabeSchool.app/BabeSchool";
			};
			name = Debug;
		};
		C3B39EF71BFF374D00C4A0EB /* Release */ = {
			isa = XCBuildConfiguration;
			buildSettings = {
				BUNDLE_LOADER = "$(TEST_HOST)";
				INFOPLIST_FILE = BabeSchoolTests/Info.plist;
				LD_RUNPATH_SEARCH_PATHS = "$(inherited) @executable_path/Frameworks @loader_path/Frameworks";
				PRODUCT_BUNDLE_IDENTIFIER = com.snapuet.BabeSchoolTests;
				PRODUCT_NAME = "$(TARGET_NAME)";
				TEST_HOST = "$(BUILT_PRODUCTS_DIR)/BabeSchool.app/BabeSchool";
			};
			name = Release;
		};
		C3B39EF91BFF374D00C4A0EB /* Debug */ = {
			isa = XCBuildConfiguration;
			buildSettings = {
				INFOPLIST_FILE = BabeSchoolUITests/Info.plist;
				LD_RUNPATH_SEARCH_PATHS = "$(inherited) @executable_path/Frameworks @loader_path/Frameworks";
				PRODUCT_BUNDLE_IDENTIFIER = com.snapuet.BabeSchoolUITests;
				PRODUCT_NAME = "$(TARGET_NAME)";
				TEST_TARGET_NAME = BabeSchool;
				USES_XCTRUNNER = YES;
			};
			name = Debug;
		};
		C3B39EFA1BFF374D00C4A0EB /* Release */ = {
			isa = XCBuildConfiguration;
			buildSettings = {
				INFOPLIST_FILE = BabeSchoolUITests/Info.plist;
				LD_RUNPATH_SEARCH_PATHS = "$(inherited) @executable_path/Frameworks @loader_path/Frameworks";
				PRODUCT_BUNDLE_IDENTIFIER = com.snapuet.BabeSchoolUITests;
				PRODUCT_NAME = "$(TARGET_NAME)";
				TEST_TARGET_NAME = BabeSchool;
				USES_XCTRUNNER = YES;
			};
			name = Release;
		};
/* End XCBuildConfiguration section */

/* Begin XCConfigurationList section */
		C3B39EBD1BFF374D00C4A0EB /* Build configuration list for PBXProject "BabeSchool" */ = {
			isa = XCConfigurationList;
			buildConfigurations = (
				C3B39EF01BFF374D00C4A0EB /* Debug */,
				C3B39EF11BFF374D00C4A0EB /* Release */,
			);
			defaultConfigurationIsVisible = 0;
			defaultConfigurationName = Release;
		};
		C3B39EF21BFF374D00C4A0EB /* Build configuration list for PBXNativeTarget "BabeSchool" */ = {
			isa = XCConfigurationList;
			buildConfigurations = (
				C3B39EF31BFF374D00C4A0EB /* Debug */,
				C3B39EF41BFF374D00C4A0EB /* Release */,
			);
			defaultConfigurationIsVisible = 0;
			defaultConfigurationName = Release;
		};
		C3B39EF51BFF374D00C4A0EB /* Build configuration list for PBXNativeTarget "BabeSchoolTests" */ = {
			isa = XCConfigurationList;
			buildConfigurations = (
				C3B39EF61BFF374D00C4A0EB /* Debug */,
				C3B39EF71BFF374D00C4A0EB /* Release */,
			);
			defaultConfigurationIsVisible = 0;
			defaultConfigurationName = Release;
		};
		C3B39EF81BFF374D00C4A0EB /* Build configuration list for PBXNativeTarget "BabeSchoolUITests" */ = {
			isa = XCConfigurationList;
			buildConfigurations = (
				C3B39EF91BFF374D00C4A0EB /* Debug */,
				C3B39EFA1BFF374D00C4A0EB /* Release */,
			);
			defaultConfigurationIsVisible = 0;
			defaultConfigurationName = Release;
		};
/* End XCConfigurationList section */

/* Begin XCVersionGroup section */
		C3B39ED11BFF374D00C4A0EB /* BabeSchool.xcdatamodeld */ = {
			isa = XCVersionGroup;
			children = (
				C3B39ED21BFF374D00C4A0EB /* BabeSchool.xcdatamodel */,
			);
			currentVersion = C3B39ED21BFF374D00C4A0EB /* BabeSchool.xcdatamodel */;
			path = BabeSchool.xcdatamodeld;
			sourceTree = "<group>";
			versionGroupType = wrapper.xcdatamodel;
		};
/* End XCVersionGroup section */
	};
	rootObject = C3B39EBA1BFF374D00C4A0EB /* Project object */;
}
