// !$*UTF8*$!
{
	archiveVersion = 1;
	classes = {
	};
	objectVersion = 46;
	objects = {

/* Begin PBXBuildFile section */
		127734611BFFE6C400E811A5 /* Bolts.framework in Frameworks */ = {isa = PBXBuildFile; fileRef = 1277345E1BFFE6C400E811A5 /* Bolts.framework */; };
		127734621BFFE6C400E811A5 /* Parse.framework in Frameworks */ = {isa = PBXBuildFile; fileRef = 1277345F1BFFE6C400E811A5 /* Parse.framework */; };
		127734631BFFE6C400E811A5 /* ParseUI.framework in Frameworks */ = {isa = PBXBuildFile; fileRef = 127734601BFFE6C400E811A5 /* ParseUI.framework */; };
		127734661BFFE93600E811A5 /* libsqlite3.0.tbd in Frameworks */ = {isa = PBXBuildFile; fileRef = 127734641BFFE93600E811A5 /* libsqlite3.0.tbd */; };
		127734671BFFE93600E811A5 /* libsqlite3.tbd in Frameworks */ = {isa = PBXBuildFile; fileRef = 127734651BFFE93600E811A5 /* libsqlite3.tbd */; };
		513434CD1C00297A008858EE /* CoreAudio.framework in Frameworks */ = {isa = PBXBuildFile; fileRef = 513434CC1C00297A008858EE /* CoreAudio.framework */; };
		513434CF1C002983008858EE /* CoreMIDI.framework in Frameworks */ = {isa = PBXBuildFile; fileRef = 513434CE1C002983008858EE /* CoreMIDI.framework */; };
		513434D11C00298B008858EE /* AVFoundation.framework in Frameworks */ = {isa = PBXBuildFile; fileRef = 513434D01C00298B008858EE /* AVFoundation.framework */; };
		513434D31C002995008858EE /* AudioToolbox.framework in Frameworks */ = {isa = PBXBuildFile; fileRef = 513434D21C002995008858EE /* AudioToolbox.framework */; };
		51A93F861C00869500223A3B /* KLCPopup.m in Sources */ = {isa = PBXBuildFile; fileRef = 51A93F851C00869500223A3B /* KLCPopup.m */; };
		51A93FBF1C00883300223A3B /* LoginViewController.m in Sources */ = {isa = PBXBuildFile; fileRef = 51A93FBD1C00883300223A3B /* LoginViewController.m */; };
		51A93FC01C00883300223A3B /* LoginViewController.xib in Resources */ = {isa = PBXBuildFile; fileRef = 51A93FBE1C00883300223A3B /* LoginViewController.xib */; };
		51A93FDB1C0088B100223A3B /* ListSchoolViewController.m in Sources */ = {isa = PBXBuildFile; fileRef = 51A93FD61C0088B100223A3B /* ListSchoolViewController.m */; };
		51A93FDC1C0088B100223A3B /* ListSchoolViewController.xib in Resources */ = {isa = PBXBuildFile; fileRef = 51A93FD71C0088B100223A3B /* ListSchoolViewController.xib */; };
		51A93FDD1C0088B100223A3B /* SchoolCell.m in Sources */ = {isa = PBXBuildFile; fileRef = 51A93FD91C0088B100223A3B /* SchoolCell.m */; };
		51A93FDE1C0088B100223A3B /* SchoolCell.xib in Resources */ = {isa = PBXBuildFile; fileRef = 51A93FDA1C0088B100223A3B /* SchoolCell.xib */; };
		51A93FE21C0088FB00223A3B /* KASlideShow.m in Sources */ = {isa = PBXBuildFile; fileRef = 51A93FE11C0088FB00223A3B /* KASlideShow.m */; };
		51A93FF81C00897300223A3B /* P200 Piano A#2.caf in Resources */ = {isa = PBXBuildFile; fileRef = 51A93FE31C00897200223A3B /* P200 Piano A#2.caf */; };
		51A93FF91C00897300223A3B /* P200 Piano A#3.caf in Resources */ = {isa = PBXBuildFile; fileRef = 51A93FE41C00897200223A3B /* P200 Piano A#3.caf */; };
		51A93FFA1C00897300223A3B /* P200 Piano A#4.caf in Resources */ = {isa = PBXBuildFile; fileRef = 51A93FE51C00897200223A3B /* P200 Piano A#4.caf */; };
		51A93FFB1C00897300223A3B /* P200 Piano A#5.caf in Resources */ = {isa = PBXBuildFile; fileRef = 51A93FE61C00897200223A3B /* P200 Piano A#5.caf */; };
		51A93FFC1C00897300223A3B /* P200 Piano A#7.caf in Resources */ = {isa = PBXBuildFile; fileRef = 51A93FE71C00897200223A3B /* P200 Piano A#7.caf */; };
		51A93FFD1C00897300223A3B /* P200 Piano C7.caf in Resources */ = {isa = PBXBuildFile; fileRef = 51A93FE81C00897200223A3B /* P200 Piano C7.caf */; };
		51A93FFE1C00897300223A3B /* P200 Piano C10.caf in Resources */ = {isa = PBXBuildFile; fileRef = 51A93FE91C00897200223A3B /* P200 Piano C10.caf */; };
		51A93FFF1C00897300223A3B /* P200 Piano D#8.caf in Resources */ = {isa = PBXBuildFile; fileRef = 51A93FEA1C00897200223A3B /* P200 Piano D#8.caf */; };
		51A940001C00897300223A3B /* P200 Piano D2.caf in Resources */ = {isa = PBXBuildFile; fileRef = 51A93FEB1C00897200223A3B /* P200 Piano D2.caf */; };
		51A940011C00897300223A3B /* P200 Piano D3.caf in Resources */ = {isa = PBXBuildFile; fileRef = 51A93FEC1C00897200223A3B /* P200 Piano D3.caf */; };
		51A940021C00897300223A3B /* P200 Piano D4.caf in Resources */ = {isa = PBXBuildFile; fileRef = 51A93FED1C00897200223A3B /* P200 Piano D4.caf */; };
		51A940031C00897300223A3B /* P200 Piano D5.caf in Resources */ = {isa = PBXBuildFile; fileRef = 51A93FEE1C00897200223A3B /* P200 Piano D5.caf */; };
		51A940041C00897300223A3B /* P200 Piano D6.caf in Resources */ = {isa = PBXBuildFile; fileRef = 51A93FEF1C00897200223A3B /* P200 Piano D6.caf */; };
		51A940051C00897300223A3B /* P200 Piano F#2.caf in Resources */ = {isa = PBXBuildFile; fileRef = 51A93FF01C00897300223A3B /* P200 Piano F#2.caf */; };
		51A940061C00897300223A3B /* P200 Piano F#3.caf in Resources */ = {isa = PBXBuildFile; fileRef = 51A93FF11C00897300223A3B /* P200 Piano F#3.caf */; };
		51A940071C00897300223A3B /* P200 Piano F#4.caf in Resources */ = {isa = PBXBuildFile; fileRef = 51A93FF21C00897300223A3B /* P200 Piano F#4.caf */; };
		51A940081C00897300223A3B /* P200 Piano F#5.caf in Resources */ = {isa = PBXBuildFile; fileRef = 51A93FF31C00897300223A3B /* P200 Piano F#5.caf */; };
		51A940091C00897300223A3B /* P200 Piano F#6.caf in Resources */ = {isa = PBXBuildFile; fileRef = 51A93FF41C00897300223A3B /* P200 Piano F#6.caf */; };
		51A9400A1C00897300223A3B /* P200 Piano F#7.caf in Resources */ = {isa = PBXBuildFile; fileRef = 51A93FF51C00897300223A3B /* P200 Piano F#7.caf */; };
		51A9400B1C00897300223A3B /* P200 Piano G#9.caf in Resources */ = {isa = PBXBuildFile; fileRef = 51A93FF61C00897300223A3B /* P200 Piano G#9.caf */; };
		51A9400C1C00897300223A3B /* Piano.plist in Resources */ = {isa = PBXBuildFile; fileRef = 51A93FF71C00897300223A3B /* Piano.plist */; };
		51A940111C0089AD00223A3B /* OpenALSupport.c in Sources */ = {isa = PBXBuildFile; fileRef = 51A9400D1C0089AD00223A3B /* OpenALSupport.c */; };
		51A940121C0089AD00223A3B /* SoundBankPlayer.m in Sources */ = {isa = PBXBuildFile; fileRef = 51A940101C0089AD00223A3B /* SoundBankPlayer.m */; };
		51A940281C008A3B00223A3B /* users.json in Resources */ = {isa = PBXBuildFile; fileRef = 51A940271C008A3B00223A3B /* users.json */; };
		51A940351C008A4800223A3B /* Comment.m in Sources */ = {isa = PBXBuildFile; fileRef = 51A9402A1C008A4800223A3B /* Comment.m */; };
		51A940361C008A4800223A3B /* foodmenu.m in Sources */ = {isa = PBXBuildFile; fileRef = 51A9402C1C008A4800223A3B /* foodmenu.m */; };
		51A940371C008A4800223A3B /* Health.m in Sources */ = {isa = PBXBuildFile; fileRef = 51A9402E1C008A4800223A3B /* Health.m */; };
		51A940381C008A4800223A3B /* hoatdong.m in Sources */ = {isa = PBXBuildFile; fileRef = 51A940301C008A4800223A3B /* hoatdong.m */; };
		51A940391C008A4800223A3B /* School.m in Sources */ = {isa = PBXBuildFile; fileRef = 51A940321C008A4800223A3B /* School.m */; };
		51A9403A1C008A4800223A3B /* User.m in Sources */ = {isa = PBXBuildFile; fileRef = 51A940341C008A4800223A3B /* User.m */; };
		51A9405C1C008AAF00223A3B /* background@2x.png in Resources */ = {isa = PBXBuildFile; fileRef = 51A9403B1C008AAF00223A3B /* background@2x.png */; };
		51A9405D1C008AAF00223A3B /* bg_btn.png in Resources */ = {isa = PBXBuildFile; fileRef = 51A9403C1C008AAF00223A3B /* bg_btn.png */; };
		51A9405E1C008AAF00223A3B /* bg_function@2x.png in Resources */ = {isa = PBXBuildFile; fileRef = 51A9403D1C008AAF00223A3B /* bg_function@2x.png */; };
		51A9405F1C008AAF00223A3B /* bg_menu@2x.png in Resources */ = {isa = PBXBuildFile; fileRef = 51A9403E1C008AAF00223A3B /* bg_menu@2x.png */; };
		51A940601C008AAF00223A3B /* btn_back_black@2x.png in Resources */ = {isa = PBXBuildFile; fileRef = 51A9403F1C008AAF00223A3B /* btn_back_black@2x.png */; };
		51A940611C008AAF00223A3B /* btn_back@2x.png in Resources */ = {isa = PBXBuildFile; fileRef = 51A940401C008AAF00223A3B /* btn_back@2x.png */; };
		51A940621C008AAF00223A3B /* btn_cancel@2x.png in Resources */ = {isa = PBXBuildFile; fileRef = 51A940411C008AAF00223A3B /* btn_cancel@2x.png */; };
		51A940631C008AAF00223A3B /* btn_function@2x.png in Resources */ = {isa = PBXBuildFile; fileRef = 51A940421C008AAF00223A3B /* btn_function@2x.png */; };
		51A940641C008AAF00223A3B /* btn_list@2x.png in Resources */ = {isa = PBXBuildFile; fileRef = 51A940431C008AAF00223A3B /* btn_list@2x.png */; };
		51A940651C008AAF00223A3B /* btn_login@2x.png in Resources */ = {isa = PBXBuildFile; fileRef = 51A940441C008AAF00223A3B /* btn_login@2x.png */; };
		51A940661C008AAF00223A3B /* btn_logout@2x.png in Resources */ = {isa = PBXBuildFile; fileRef = 51A940451C008AAF00223A3B /* btn_logout@2x.png */; };
		51A940671C008AAF00223A3B /* btn_search@2x.png in Resources */ = {isa = PBXBuildFile; fileRef = 51A940461C008AAF00223A3B /* btn_search@2x.png */; };
		51A940681C008AAF00223A3B /* green_bg.png in Resources */ = {isa = PBXBuildFile; fileRef = 51A940471C008AAF00223A3B /* green_bg.png */; };
		51A940691C008AAF00223A3B /* img_btn.png in Resources */ = {isa = PBXBuildFile; fileRef = 51A940481C008AAF00223A3B /* img_btn.png */; };
		51A9406A1C008AAF00223A3B /* img_danhgia.png in Resources */ = {isa = PBXBuildFile; fileRef = 51A940491C008AAF00223A3B /* img_danhgia.png */; };
		51A9406B1C008AAF00223A3B /* img_login.png in Resources */ = {isa = PBXBuildFile; fileRef = 51A9404A1C008AAF00223A3B /* img_login.png */; };
		51A9406C1C008AAF00223A3B /* img_map.png in Resources */ = {isa = PBXBuildFile; fileRef = 51A9404B1C008AAF00223A3B /* img_map.png */; };
		51A9406D1C008AAF00223A3B /* img_mota.png in Resources */ = {isa = PBXBuildFile; fileRef = 51A9404C1C008AAF00223A3B /* img_mota.png */; };
		51A9406E1C008AAF00223A3B /* img_thuchi.png in Resources */ = {isa = PBXBuildFile; fileRef = 51A9404D1C008AAF00223A3B /* img_thuchi.png */; };
		51A9406F1C008AAF00223A3B /* img1_1.png in Resources */ = {isa = PBXBuildFile; fileRef = 51A9404E1C008AAF00223A3B /* img1_1.png */; };
		51A940701C008AAF00223A3B /* img1_2.png in Resources */ = {isa = PBXBuildFile; fileRef = 51A9404F1C008AAF00223A3B /* img1_2.png */; };
		51A940711C008AAF00223A3B /* img1_3.png in Resources */ = {isa = PBXBuildFile; fileRef = 51A940501C008AAF00223A3B /* img1_3.png */; };
		51A940721C008AAF00223A3B /* img2_1.png in Resources */ = {isa = PBXBuildFile; fileRef = 51A940511C008AAF00223A3B /* img2_1.png */; };
		51A940731C008AAF00223A3B /* img2_2.png in Resources */ = {isa = PBXBuildFile; fileRef = 51A940521C008AAF00223A3B /* img2_2.png */; };
		51A940741C008AAF00223A3B /* img2_3.png in Resources */ = {isa = PBXBuildFile; fileRef = 51A940531C008AAF00223A3B /* img2_3.png */; };
		51A940751C008AAF00223A3B /* img3_1.png in Resources */ = {isa = PBXBuildFile; fileRef = 51A940541C008AAF00223A3B /* img3_1.png */; };
		51A940761C008AAF00223A3B /* img3_2.png in Resources */ = {isa = PBXBuildFile; fileRef = 51A940551C008AAF00223A3B /* img3_2.png */; };
		51A940771C008AAF00223A3B /* img3_3.png in Resources */ = {isa = PBXBuildFile; fileRef = 51A940561C008AAF00223A3B /* img3_3.png */; };
		51A940781C008AAF00223A3B /* img4_1.png in Resources */ = {isa = PBXBuildFile; fileRef = 51A940571C008AAF00223A3B /* img4_1.png */; };
		51A940791C008AAF00223A3B /* img4_2.png in Resources */ = {isa = PBXBuildFile; fileRef = 51A940581C008AAF00223A3B /* img4_2.png */; };
		51A9407A1C008AAF00223A3B /* img4_3.png in Resources */ = {isa = PBXBuildFile; fileRef = 51A940591C008AAF00223A3B /* img4_3.png */; };
		51A9407B1C008AAF00223A3B /* lauchscreen@2x.png in Resources */ = {isa = PBXBuildFile; fileRef = 51A9405A1C008AAF00223A3B /* lauchscreen@2x.png */; };
		51A9407C1C008AAF00223A3B /* separate.png in Resources */ = {isa = PBXBuildFile; fileRef = 51A9405B1C008AAF00223A3B /* separate.png */; };
		51A9408F1C008B2D00223A3B /* RateViewController.m in Sources */ = {isa = PBXBuildFile; fileRef = 51A940841C008B2D00223A3B /* RateViewController.m */; };
		51A940901C008B2D00223A3B /* RateViewController.xib in Resources */ = {isa = PBXBuildFile; fileRef = 51A940851C008B2D00223A3B /* RateViewController.xib */; };
		51A940911C008B2D00223A3B /* SchoolDetailViewController.m in Sources */ = {isa = PBXBuildFile; fileRef = 51A940871C008B2D00223A3B /* SchoolDetailViewController.m */; };
		51A940921C008B2D00223A3B /* SchoolDetailViewController.xib in Resources */ = {isa = PBXBuildFile; fileRef = 51A940881C008B2D00223A3B /* SchoolDetailViewController.xib */; };
		51A940931C008B2D00223A3B /* VietBLViewController.m in Sources */ = {isa = PBXBuildFile; fileRef = 51A9408A1C008B2D00223A3B /* VietBLViewController.m */; };
		51A940941C008B2D00223A3B /* VietBLViewController.xib in Resources */ = {isa = PBXBuildFile; fileRef = 51A9408B1C008B2D00223A3B /* VietBLViewController.xib */; };
		51A940951C008B2D00223A3B /* WriteComment.m in Sources */ = {isa = PBXBuildFile; fileRef = 51A9408D1C008B2D00223A3B /* WriteComment.m */; };
		51A940961C008B2D00223A3B /* WriteComment.xib in Resources */ = {isa = PBXBuildFile; fileRef = 51A9408E1C008B2D00223A3B /* WriteComment.xib */; };
		51A940B21C00A04500223A3B /* Reachability.m in Sources */ = {isa = PBXBuildFile; fileRef = 51A940AF1C00A04500223A3B /* Reachability.m */; };
		51A940B31C00A04500223A3B /* Utils.m in Sources */ = {isa = PBXBuildFile; fileRef = 51A940B11C00A04500223A3B /* Utils.m */; };
		51A940B61C00A04D00223A3B /* MyLib.m in Sources */ = {isa = PBXBuildFile; fileRef = 51A940B51C00A04D00223A3B /* MyLib.m */; };
		51A940BA1C00A06F00223A3B /* FunctionViewController.m in Sources */ = {isa = PBXBuildFile; fileRef = 51A940B81C00A06F00223A3B /* FunctionViewController.m */; };
		51A940BB1C00A06F00223A3B /* FunctionViewController.xib in Resources */ = {isa = PBXBuildFile; fileRef = 51A940B91C00A06F00223A3B /* FunctionViewController.xib */; };
		51A940C21C00A07B00223A3B /* HoatDongCellTableViewCell.m in Sources */ = {isa = PBXBuildFile; fileRef = 51A940BD1C00A07B00223A3B /* HoatDongCellTableViewCell.m */; };
		51A940C31C00A07B00223A3B /* HoatDongCellTableViewCell.xib in Resources */ = {isa = PBXBuildFile; fileRef = 51A940BE1C00A07B00223A3B /* HoatDongCellTableViewCell.xib */; };
		51A940C41C00A07B00223A3B /* HoatDongViewController.m in Sources */ = {isa = PBXBuildFile; fileRef = 51A940C01C00A07B00223A3B /* HoatDongViewController.m */; };
		51A940C51C00A07B00223A3B /* HoatDongViewController.xib in Resources */ = {isa = PBXBuildFile; fileRef = 51A940C11C00A07B00223A3B /* HoatDongViewController.xib */; };
		51A940C91C00A08500223A3B /* PianoViewController.m in Sources */ = {isa = PBXBuildFile; fileRef = 51A940C71C00A08500223A3B /* PianoViewController.m */; };
		51A940CA1C00A08500223A3B /* PianoViewController.xib in Resources */ = {isa = PBXBuildFile; fileRef = 51A940C81C00A08500223A3B /* PianoViewController.xib */; };
		51A940CE1C00A09000223A3B /* NoticeView.m in Sources */ = {isa = PBXBuildFile; fileRef = 51A940CC1C00A09000223A3B /* NoticeView.m */; };
		51A940CF1C00A09000223A3B /* NoticeView.xib in Resources */ = {isa = PBXBuildFile; fileRef = 51A940CD1C00A09000223A3B /* NoticeView.xib */; };
		51A940D31C00A09A00223A3B /* ThucDonViewController.m in Sources */ = {isa = PBXBuildFile; fileRef = 51A940D11C00A09A00223A3B /* ThucDonViewController.m */; };
		51A940D41C00A09A00223A3B /* ThucDonViewController.xib in Resources */ = {isa = PBXBuildFile; fileRef = 51A940D21C00A09A00223A3B /* ThucDonViewController.xib */; };
		51A940D81C00A0AF00223A3B /* LiveStreamViewController.m in Sources */ = {isa = PBXBuildFile; fileRef = 51A940D61C00A0AF00223A3B /* LiveStreamViewController.m */; };
		51A940D91C00A0AF00223A3B /* LiveStreamViewController.xib in Resources */ = {isa = PBXBuildFile; fileRef = 51A940D71C00A0AF00223A3B /* LiveStreamViewController.xib */; };
		51A940E61C00A0BC00223A3B /* AddHealth.m in Sources */ = {isa = PBXBuildFile; fileRef = 51A940DB1C00A0BC00223A3B /* AddHealth.m */; };
		51A940E71C00A0BC00223A3B /* AddHealth.xib in Resources */ = {isa = PBXBuildFile; fileRef = 51A940DC1C00A0BC00223A3B /* AddHealth.xib */; };
		51A940E81C00A0BC00223A3B /* HealthCell.m in Sources */ = {isa = PBXBuildFile; fileRef = 51A940DE1C00A0BC00223A3B /* HealthCell.m */; };
		51A940E91C00A0BC00223A3B /* HealthCell.xib in Resources */ = {isa = PBXBuildFile; fileRef = 51A940DF1C00A0BC00223A3B /* HealthCell.xib */; };
		51A940EC1C00A0BC00223A3B /* SucKhoeViewController.m in Sources */ = {isa = PBXBuildFile; fileRef = 51A940E41C00A0BC00223A3B /* SucKhoeViewController.m */; };
		51A940ED1C00A0BC00223A3B /* SucKhoeViewController.xib in Resources */ = {isa = PBXBuildFile; fileRef = 51A940E51C00A0BC00223A3B /* SucKhoeViewController.xib */; };
		51A940F11C00A1F700223A3B /* Bolts.framework in Frameworks */ = {isa = PBXBuildFile; fileRef = 51A940EE1C00A1F700223A3B /* Bolts.framework */; };
		51A940F21C00A1F700223A3B /* Parse.framework in Frameworks */ = {isa = PBXBuildFile; fileRef = 51A940EF1C00A1F700223A3B /* Parse.framework */; };
		51A940F31C00A1F700223A3B /* ParseUI.framework in Frameworks */ = {isa = PBXBuildFile; fileRef = 51A940F01C00A1F700223A3B /* ParseUI.framework */; };
		51A940FE1C00A39000223A3B /* BaseNavigationController.m in Sources */ = {isa = PBXBuildFile; fileRef = 51A940FD1C00A39000223A3B /* BaseNavigationController.m */; };
		B7F896246B16724A7E847B8D /* libPods.a in Frameworks */ = {isa = PBXBuildFile; fileRef = B17461C75361181AA8523F47 /* libPods.a */; };
		C3B39EC71BFF374D00C4A0EB /* main.m in Sources */ = {isa = PBXBuildFile; fileRef = C3B39EC61BFF374D00C4A0EB /* main.m */; };
		C3B39ECA1BFF374D00C4A0EB /* AppDelegate.m in Sources */ = {isa = PBXBuildFile; fileRef = C3B39EC91BFF374D00C4A0EB /* AppDelegate.m */; };
		C3B39ED31BFF374D00C4A0EB /* BabeSchool.xcdatamodeld in Sources */ = {isa = PBXBuildFile; fileRef = C3B39ED11BFF374D00C4A0EB /* BabeSchool.xcdatamodeld */; };
		C3B39ED51BFF374D00C4A0EB /* Assets.xcassets in Resources */ = {isa = PBXBuildFile; fileRef = C3B39ED41BFF374D00C4A0EB /* Assets.xcassets */; };
		C3B39ED81BFF374D00C4A0EB /* LaunchScreen.storyboard in Resources */ = {isa = PBXBuildFile; fileRef = C3B39ED61BFF374D00C4A0EB /* LaunchScreen.storyboard */; };
		C3B39EE31BFF374D00C4A0EB /* BabeSchoolTests.m in Sources */ = {isa = PBXBuildFile; fileRef = C3B39EE21BFF374D00C4A0EB /* BabeSchoolTests.m */; };
		C3B39EEE1BFF374D00C4A0EB /* BabeSchoolUITests.m in Sources */ = {isa = PBXBuildFile; fileRef = C3B39EED1BFF374D00C4A0EB /* BabeSchoolUITests.m */; };
/* End PBXBuildFile section */

/* Begin PBXContainerItemProxy section */
		C3B39EDF1BFF374D00C4A0EB /* PBXContainerItemProxy */ = {
			isa = PBXContainerItemProxy;
			containerPortal = C3B39EBA1BFF374D00C4A0EB /* Project object */;
			proxyType = 1;
			remoteGlobalIDString = C3B39EC11BFF374D00C4A0EB;
			remoteInfo = BabeSchool;
		};
		C3B39EEA1BFF374D00C4A0EB /* PBXContainerItemProxy */ = {
			isa = PBXContainerItemProxy;
			containerPortal = C3B39EBA1BFF374D00C4A0EB /* Project object */;
			proxyType = 1;
			remoteGlobalIDString = C3B39EC11BFF374D00C4A0EB;
			remoteInfo = BabeSchool;
		};
/* End PBXContainerItemProxy section */

/* Begin PBXCopyFilesBuildPhase section */
		513C92F71C00ACAA00129DA7 /* Embed Frameworks */ = {
			isa = PBXCopyFilesBuildPhase;
			buildActionMask = 2147483647;
			dstPath = "";
			dstSubfolderSpec = 10;
			files = (
			);
			name = "Embed Frameworks";
			runOnlyForDeploymentPostprocessing = 0;
		};
/* End PBXCopyFilesBuildPhase section */

/* Begin PBXFileReference section */
		1277345E1BFFE6C400E811A5 /* Bolts.framework */ = {isa = PBXFileReference; lastKnownFileType = wrapper.framework; name = Bolts.framework; path = "BabeSchool/parse-library-1.10.0/Bolts.framework"; sourceTree = "<group>"; };
		1277345F1BFFE6C400E811A5 /* Parse.framework */ = {isa = PBXFileReference; lastKnownFileType = wrapper.framework; name = Parse.framework; path = "BabeSchool/parse-library-1.10.0/Parse.framework"; sourceTree = "<group>"; };
		127734601BFFE6C400E811A5 /* ParseUI.framework */ = {isa = PBXFileReference; lastKnownFileType = wrapper.framework; name = ParseUI.framework; path = "BabeSchool/parse-library-1.10.0/ParseUI.framework"; sourceTree = "<group>"; };
		127734641BFFE93600E811A5 /* libsqlite3.0.tbd */ = {isa = PBXFileReference; lastKnownFileType = "sourcecode.text-based-dylib-definition"; name = libsqlite3.0.tbd; path = usr/lib/libsqlite3.0.tbd; sourceTree = SDKROOT; };
		127734651BFFE93600E811A5 /* libsqlite3.tbd */ = {isa = PBXFileReference; lastKnownFileType = "sourcecode.text-based-dylib-definition"; name = libsqlite3.tbd; path = usr/lib/libsqlite3.tbd; sourceTree = SDKROOT; };
		513434CC1C00297A008858EE /* CoreAudio.framework */ = {isa = PBXFileReference; lastKnownFileType = wrapper.framework; name = CoreAudio.framework; path = System/Library/Frameworks/CoreAudio.framework; sourceTree = SDKROOT; };
		513434CE1C002983008858EE /* CoreMIDI.framework */ = {isa = PBXFileReference; lastKnownFileType = wrapper.framework; name = CoreMIDI.framework; path = System/Library/Frameworks/CoreMIDI.framework; sourceTree = SDKROOT; };
		513434D01C00298B008858EE /* AVFoundation.framework */ = {isa = PBXFileReference; lastKnownFileType = wrapper.framework; name = AVFoundation.framework; path = System/Library/Frameworks/AVFoundation.framework; sourceTree = SDKROOT; };
		513434D21C002995008858EE /* AudioToolbox.framework */ = {isa = PBXFileReference; lastKnownFileType = wrapper.framework; name = AudioToolbox.framework; path = System/Library/Frameworks/AudioToolbox.framework; sourceTree = SDKROOT; };
		51A93F841C00869500223A3B /* KLCPopup.h */ = {isa = PBXFileReference; fileEncoding = 4; lastKnownFileType = sourcecode.c.h; name = KLCPopup.h; path = Lib/KLCPopup/KLCPopup.h; sourceTree = "<group>"; };
		51A93F851C00869500223A3B /* KLCPopup.m */ = {isa = PBXFileReference; fileEncoding = 4; lastKnownFileType = sourcecode.c.objc; name = KLCPopup.m; path = Lib/KLCPopup/KLCPopup.m; sourceTree = "<group>"; };
		51A93FBC1C00883300223A3B /* LoginViewController.h */ = {isa = PBXFileReference; fileEncoding = 4; lastKnownFileType = sourcecode.c.h; name = LoginViewController.h; path = ViewController/Login/LoginViewController.h; sourceTree = "<group>"; };
		51A93FBD1C00883300223A3B /* LoginViewController.m */ = {isa = PBXFileReference; fileEncoding = 4; lastKnownFileType = sourcecode.c.objc; name = LoginViewController.m; path = ViewController/Login/LoginViewController.m; sourceTree = "<group>"; };
		51A93FBE1C00883300223A3B /* LoginViewController.xib */ = {isa = PBXFileReference; fileEncoding = 4; lastKnownFileType = file.xib; name = LoginViewController.xib; path = ViewController/Login/LoginViewController.xib; sourceTree = "<group>"; };
		51A93FD51C0088B100223A3B /* ListSchoolViewController.h */ = {isa = PBXFileReference; fileEncoding = 4; lastKnownFileType = sourcecode.c.h; name = ListSchoolViewController.h; path = ViewController/School/ListSchool/ListSchoolViewController.h; sourceTree = "<group>"; };
		51A93FD61C0088B100223A3B /* ListSchoolViewController.m */ = {isa = PBXFileReference; fileEncoding = 4; lastKnownFileType = sourcecode.c.objc; name = ListSchoolViewController.m; path = ViewController/School/ListSchool/ListSchoolViewController.m; sourceTree = "<group>"; };
		51A93FD71C0088B100223A3B /* ListSchoolViewController.xib */ = {isa = PBXFileReference; fileEncoding = 4; lastKnownFileType = file.xib; name = ListSchoolViewController.xib; path = ViewController/School/ListSchool/ListSchoolViewController.xib; sourceTree = "<group>"; };
		51A93FD81C0088B100223A3B /* SchoolCell.h */ = {isa = PBXFileReference; fileEncoding = 4; lastKnownFileType = sourcecode.c.h; name = SchoolCell.h; path = ViewController/School/ListSchool/SchoolCell.h; sourceTree = "<group>"; };
		51A93FD91C0088B100223A3B /* SchoolCell.m */ = {isa = PBXFileReference; fileEncoding = 4; lastKnownFileType = sourcecode.c.objc; name = SchoolCell.m; path = ViewController/School/ListSchool/SchoolCell.m; sourceTree = "<group>"; };
		51A93FDA1C0088B100223A3B /* SchoolCell.xib */ = {isa = PBXFileReference; fileEncoding = 4; lastKnownFileType = file.xib; name = SchoolCell.xib; path = ViewController/School/ListSchool/SchoolCell.xib; sourceTree = "<group>"; };
		51A93FE01C0088FB00223A3B /* KASlideShow.h */ = {isa = PBXFileReference; fileEncoding = 4; lastKnownFileType = sourcecode.c.h; name = KASlideShow.h; path = Lib/KASlideShow/KASlideShow.h; sourceTree = "<group>"; };
		51A93FE11C0088FB00223A3B /* KASlideShow.m */ = {isa = PBXFileReference; fileEncoding = 4; lastKnownFileType = sourcecode.c.objc; name = KASlideShow.m; path = Lib/KASlideShow/KASlideShow.m; sourceTree = "<group>"; };
		51A93FE31C00897200223A3B /* P200 Piano A#2.caf */ = {isa = PBXFileReference; lastKnownFileType = file; name = "P200 Piano A#2.caf"; path = "Support/Piano/Sound/P200 Piano A#2.caf"; sourceTree = "<group>"; };
		51A93FE41C00897200223A3B /* P200 Piano A#3.caf */ = {isa = PBXFileReference; lastKnownFileType = file; name = "P200 Piano A#3.caf"; path = "Support/Piano/Sound/P200 Piano A#3.caf"; sourceTree = "<group>"; };
		51A93FE51C00897200223A3B /* P200 Piano A#4.caf */ = {isa = PBXFileReference; lastKnownFileType = file; name = "P200 Piano A#4.caf"; path = "Support/Piano/Sound/P200 Piano A#4.caf"; sourceTree = "<group>"; };
		51A93FE61C00897200223A3B /* P200 Piano A#5.caf */ = {isa = PBXFileReference; lastKnownFileType = file; name = "P200 Piano A#5.caf"; path = "Support/Piano/Sound/P200 Piano A#5.caf"; sourceTree = "<group>"; };
		51A93FE71C00897200223A3B /* P200 Piano A#7.caf */ = {isa = PBXFileReference; lastKnownFileType = file; name = "P200 Piano A#7.caf"; path = "Support/Piano/Sound/P200 Piano A#7.caf"; sourceTree = "<group>"; };
		51A93FE81C00897200223A3B /* P200 Piano C7.caf */ = {isa = PBXFileReference; lastKnownFileType = file; name = "P200 Piano C7.caf"; path = "Support/Piano/Sound/P200 Piano C7.caf"; sourceTree = "<group>"; };
		51A93FE91C00897200223A3B /* P200 Piano C10.caf */ = {isa = PBXFileReference; lastKnownFileType = file; name = "P200 Piano C10.caf"; path = "Support/Piano/Sound/P200 Piano C10.caf"; sourceTree = "<group>"; };
		51A93FEA1C00897200223A3B /* P200 Piano D#8.caf */ = {isa = PBXFileReference; lastKnownFileType = file; name = "P200 Piano D#8.caf"; path = "Support/Piano/Sound/P200 Piano D#8.caf"; sourceTree = "<group>"; };
		51A93FEB1C00897200223A3B /* P200 Piano D2.caf */ = {isa = PBXFileReference; lastKnownFileType = file; name = "P200 Piano D2.caf"; path = "Support/Piano/Sound/P200 Piano D2.caf"; sourceTree = "<group>"; };
		51A93FEC1C00897200223A3B /* P200 Piano D3.caf */ = {isa = PBXFileReference; lastKnownFileType = file; name = "P200 Piano D3.caf"; path = "Support/Piano/Sound/P200 Piano D3.caf"; sourceTree = "<group>"; };
		51A93FED1C00897200223A3B /* P200 Piano D4.caf */ = {isa = PBXFileReference; lastKnownFileType = file; name = "P200 Piano D4.caf"; path = "Support/Piano/Sound/P200 Piano D4.caf"; sourceTree = "<group>"; };
		51A93FEE1C00897200223A3B /* P200 Piano D5.caf */ = {isa = PBXFileReference; lastKnownFileType = file; name = "P200 Piano D5.caf"; path = "Support/Piano/Sound/P200 Piano D5.caf"; sourceTree = "<group>"; };
		51A93FEF1C00897200223A3B /* P200 Piano D6.caf */ = {isa = PBXFileReference; lastKnownFileType = file; name = "P200 Piano D6.caf"; path = "Support/Piano/Sound/P200 Piano D6.caf"; sourceTree = "<group>"; };
		51A93FF01C00897300223A3B /* P200 Piano F#2.caf */ = {isa = PBXFileReference; lastKnownFileType = file; name = "P200 Piano F#2.caf"; path = "Support/Piano/Sound/P200 Piano F#2.caf"; sourceTree = "<group>"; };
		51A93FF11C00897300223A3B /* P200 Piano F#3.caf */ = {isa = PBXFileReference; lastKnownFileType = file; name = "P200 Piano F#3.caf"; path = "Support/Piano/Sound/P200 Piano F#3.caf"; sourceTree = "<group>"; };
		51A93FF21C00897300223A3B /* P200 Piano F#4.caf */ = {isa = PBXFileReference; lastKnownFileType = file; name = "P200 Piano F#4.caf"; path = "Support/Piano/Sound/P200 Piano F#4.caf"; sourceTree = "<group>"; };
		51A93FF31C00897300223A3B /* P200 Piano F#5.caf */ = {isa = PBXFileReference; lastKnownFileType = file; name = "P200 Piano F#5.caf"; path = "Support/Piano/Sound/P200 Piano F#5.caf"; sourceTree = "<group>"; };
		51A93FF41C00897300223A3B /* P200 Piano F#6.caf */ = {isa = PBXFileReference; lastKnownFileType = file; name = "P200 Piano F#6.caf"; path = "Support/Piano/Sound/P200 Piano F#6.caf"; sourceTree = "<group>"; };
		51A93FF51C00897300223A3B /* P200 Piano F#7.caf */ = {isa = PBXFileReference; lastKnownFileType = file; name = "P200 Piano F#7.caf"; path = "Support/Piano/Sound/P200 Piano F#7.caf"; sourceTree = "<group>"; };
		51A93FF61C00897300223A3B /* P200 Piano G#9.caf */ = {isa = PBXFileReference; lastKnownFileType = file; name = "P200 Piano G#9.caf"; path = "Support/Piano/Sound/P200 Piano G#9.caf"; sourceTree = "<group>"; };
		51A93FF71C00897300223A3B /* Piano.plist */ = {isa = PBXFileReference; fileEncoding = 4; lastKnownFileType = text.plist.xml; name = Piano.plist; path = Support/Piano/Sound/Piano.plist; sourceTree = "<group>"; };
		51A9400D1C0089AD00223A3B /* OpenALSupport.c */ = {isa = PBXFileReference; fileEncoding = 4; lastKnownFileType = sourcecode.c.c; name = OpenALSupport.c; path = "Support/Piano/Sound Bank Player/OpenALSupport.c"; sourceTree = "<group>"; };
		51A9400E1C0089AD00223A3B /* OpenALSupport.h */ = {isa = PBXFileReference; fileEncoding = 4; lastKnownFileType = sourcecode.c.h; name = OpenALSupport.h; path = "Support/Piano/Sound Bank Player/OpenALSupport.h"; sourceTree = "<group>"; };
		51A9400F1C0089AD00223A3B /* SoundBankPlayer.h */ = {isa = PBXFileReference; fileEncoding = 4; lastKnownFileType = sourcecode.c.h; name = SoundBankPlayer.h; path = "Support/Piano/Sound Bank Player/SoundBankPlayer.h"; sourceTree = "<group>"; };
		51A940101C0089AD00223A3B /* SoundBankPlayer.m */ = {isa = PBXFileReference; fileEncoding = 4; lastKnownFileType = sourcecode.c.objc; name = SoundBankPlayer.m; path = "Support/Piano/Sound Bank Player/SoundBankPlayer.m"; sourceTree = "<group>"; };
		51A940271C008A3B00223A3B /* users.json */ = {isa = PBXFileReference; fileEncoding = 4; lastKnownFileType = text.json; name = users.json; path = Support/Resource/users.json; sourceTree = "<group>"; };
		51A940291C008A4800223A3B /* Comment.h */ = {isa = PBXFileReference; fileEncoding = 4; lastKnownFileType = sourcecode.c.h; name = Comment.h; path = Support/Resource/Model/Comment.h; sourceTree = "<group>"; };
		51A9402A1C008A4800223A3B /* Comment.m */ = {isa = PBXFileReference; fileEncoding = 4; lastKnownFileType = sourcecode.c.objc; name = Comment.m; path = Support/Resource/Model/Comment.m; sourceTree = "<group>"; };
		51A9402B1C008A4800223A3B /* foodmenu.h */ = {isa = PBXFileReference; fileEncoding = 4; lastKnownFileType = sourcecode.c.h; name = foodmenu.h; path = Support/Resource/Model/foodmenu.h; sourceTree = "<group>"; };
		51A9402C1C008A4800223A3B /* foodmenu.m */ = {isa = PBXFileReference; fileEncoding = 4; lastKnownFileType = sourcecode.c.objc; name = foodmenu.m; path = Support/Resource/Model/foodmenu.m; sourceTree = "<group>"; };
		51A9402D1C008A4800223A3B /* Health.h */ = {isa = PBXFileReference; fileEncoding = 4; lastKnownFileType = sourcecode.c.h; name = Health.h; path = Support/Resource/Model/Health.h; sourceTree = "<group>"; };
		51A9402E1C008A4800223A3B /* Health.m */ = {isa = PBXFileReference; fileEncoding = 4; lastKnownFileType = sourcecode.c.objc; name = Health.m; path = Support/Resource/Model/Health.m; sourceTree = "<group>"; };
		51A9402F1C008A4800223A3B /* hoatdong.h */ = {isa = PBXFileReference; fileEncoding = 4; lastKnownFileType = sourcecode.c.h; name = hoatdong.h; path = Support/Resource/Model/hoatdong.h; sourceTree = "<group>"; };
		51A940301C008A4800223A3B /* hoatdong.m */ = {isa = PBXFileReference; fileEncoding = 4; lastKnownFileType = sourcecode.c.objc; name = hoatdong.m; path = Support/Resource/Model/hoatdong.m; sourceTree = "<group>"; };
		51A940311C008A4800223A3B /* School.h */ = {isa = PBXFileReference; fileEncoding = 4; lastKnownFileType = sourcecode.c.h; name = School.h; path = Support/Resource/Model/School.h; sourceTree = "<group>"; };
		51A940321C008A4800223A3B /* School.m */ = {isa = PBXFileReference; fileEncoding = 4; lastKnownFileType = sourcecode.c.objc; name = School.m; path = Support/Resource/Model/School.m; sourceTree = "<group>"; };
		51A940331C008A4800223A3B /* User.h */ = {isa = PBXFileReference; fileEncoding = 4; lastKnownFileType = sourcecode.c.h; name = User.h; path = Support/Resource/Model/User.h; sourceTree = "<group>"; };
		51A940341C008A4800223A3B /* User.m */ = {isa = PBXFileReference; fileEncoding = 4; lastKnownFileType = sourcecode.c.objc; name = User.m; path = Support/Resource/Model/User.m; sourceTree = "<group>"; };
		51A9403B1C008AAF00223A3B /* background@2x.png */ = {isa = PBXFileReference; lastKnownFileType = image.png; name = "background@2x.png"; path = "Support/Resource/image/background@2x.png"; sourceTree = "<group>"; };
		51A9403C1C008AAF00223A3B /* bg_btn.png */ = {isa = PBXFileReference; lastKnownFileType = image.png; name = bg_btn.png; path = Support/Resource/image/bg_btn.png; sourceTree = "<group>"; };
		51A9403D1C008AAF00223A3B /* bg_function@2x.png */ = {isa = PBXFileReference; lastKnownFileType = image.png; name = "bg_function@2x.png"; path = "Support/Resource/image/bg_function@2x.png"; sourceTree = "<group>"; };
		51A9403E1C008AAF00223A3B /* bg_menu@2x.png */ = {isa = PBXFileReference; lastKnownFileType = image.png; name = "bg_menu@2x.png"; path = "Support/Resource/image/bg_menu@2x.png"; sourceTree = "<group>"; };
		51A9403F1C008AAF00223A3B /* btn_back_black@2x.png */ = {isa = PBXFileReference; lastKnownFileType = image.png; name = "btn_back_black@2x.png"; path = "Support/Resource/image/btn_back_black@2x.png"; sourceTree = "<group>"; };
		51A940401C008AAF00223A3B /* btn_back@2x.png */ = {isa = PBXFileReference; lastKnownFileType = image.png; name = "btn_back@2x.png"; path = "Support/Resource/image/btn_back@2x.png"; sourceTree = "<group>"; };
		51A940411C008AAF00223A3B /* btn_cancel@2x.png */ = {isa = PBXFileReference; lastKnownFileType = image.png; name = "btn_cancel@2x.png"; path = "Support/Resource/image/btn_cancel@2x.png"; sourceTree = "<group>"; };
		51A940421C008AAF00223A3B /* btn_function@2x.png */ = {isa = PBXFileReference; lastKnownFileType = image.png; name = "btn_function@2x.png"; path = "Support/Resource/image/btn_function@2x.png"; sourceTree = "<group>"; };
		51A940431C008AAF00223A3B /* btn_list@2x.png */ = {isa = PBXFileReference; lastKnownFileType = image.png; name = "btn_list@2x.png"; path = "Support/Resource/image/btn_list@2x.png"; sourceTree = "<group>"; };
		51A940441C008AAF00223A3B /* btn_login@2x.png */ = {isa = PBXFileReference; lastKnownFileType = image.png; name = "btn_login@2x.png"; path = "Support/Resource/image/btn_login@2x.png"; sourceTree = "<group>"; };
		51A940451C008AAF00223A3B /* btn_logout@2x.png */ = {isa = PBXFileReference; lastKnownFileType = image.png; name = "btn_logout@2x.png"; path = "Support/Resource/image/btn_logout@2x.png"; sourceTree = "<group>"; };
		51A940461C008AAF00223A3B /* btn_search@2x.png */ = {isa = PBXFileReference; lastKnownFileType = image.png; name = "btn_search@2x.png"; path = "Support/Resource/image/btn_search@2x.png"; sourceTree = "<group>"; };
		51A940471C008AAF00223A3B /* green_bg.png */ = {isa = PBXFileReference; lastKnownFileType = image.png; name = green_bg.png; path = Support/Resource/image/green_bg.png; sourceTree = "<group>"; };
		51A940481C008AAF00223A3B /* img_btn.png */ = {isa = PBXFileReference; lastKnownFileType = image.png; name = img_btn.png; path = Support/Resource/image/img_btn.png; sourceTree = "<group>"; };
		51A940491C008AAF00223A3B /* img_danhgia.png */ = {isa = PBXFileReference; lastKnownFileType = image.png; name = img_danhgia.png; path = Support/Resource/image/img_danhgia.png; sourceTree = "<group>"; };
		51A9404A1C008AAF00223A3B /* img_login.png */ = {isa = PBXFileReference; lastKnownFileType = image.png; name = img_login.png; path = Support/Resource/image/img_login.png; sourceTree = "<group>"; };
		51A9404B1C008AAF00223A3B /* img_map.png */ = {isa = PBXFileReference; lastKnownFileType = image.png; name = img_map.png; path = Support/Resource/image/img_map.png; sourceTree = "<group>"; };
		51A9404C1C008AAF00223A3B /* img_mota.png */ = {isa = PBXFileReference; lastKnownFileType = image.png; name = img_mota.png; path = Support/Resource/image/img_mota.png; sourceTree = "<group>"; };
		51A9404D1C008AAF00223A3B /* img_thuchi.png */ = {isa = PBXFileReference; lastKnownFileType = image.png; name = img_thuchi.png; path = Support/Resource/image/img_thuchi.png; sourceTree = "<group>"; };
		51A9404E1C008AAF00223A3B /* img1_1.png */ = {isa = PBXFileReference; lastKnownFileType = image.png; name = img1_1.png; path = Support/Resource/image/img1_1.png; sourceTree = "<group>"; };
		51A9404F1C008AAF00223A3B /* img1_2.png */ = {isa = PBXFileReference; lastKnownFileType = image.png; name = img1_2.png; path = Support/Resource/image/img1_2.png; sourceTree = "<group>"; };
		51A940501C008AAF00223A3B /* img1_3.png */ = {isa = PBXFileReference; lastKnownFileType = image.png; name = img1_3.png; path = Support/Resource/image/img1_3.png; sourceTree = "<group>"; };
		51A940511C008AAF00223A3B /* img2_1.png */ = {isa = PBXFileReference; lastKnownFileType = image.png; name = img2_1.png; path = Support/Resource/image/img2_1.png; sourceTree = "<group>"; };
		51A940521C008AAF00223A3B /* img2_2.png */ = {isa = PBXFileReference; lastKnownFileType = image.png; name = img2_2.png; path = Support/Resource/image/img2_2.png; sourceTree = "<group>"; };
		51A940531C008AAF00223A3B /* img2_3.png */ = {isa = PBXFileReference; lastKnownFileType = image.png; name = img2_3.png; path = Support/Resource/image/img2_3.png; sourceTree = "<group>"; };
		51A940541C008AAF00223A3B /* img3_1.png */ = {isa = PBXFileReference; lastKnownFileType = image.png; name = img3_1.png; path = Support/Resource/image/img3_1.png; sourceTree = "<group>"; };
		51A940551C008AAF00223A3B /* img3_2.png */ = {isa = PBXFileReference; lastKnownFileType = image.png; name = img3_2.png; path = Support/Resource/image/img3_2.png; sourceTree = "<group>"; };
		51A940561C008AAF00223A3B /* img3_3.png */ = {isa = PBXFileReference; lastKnownFileType = image.png; name = img3_3.png; path = Support/Resource/image/img3_3.png; sourceTree = "<group>"; };
		51A940571C008AAF00223A3B /* img4_1.png */ = {isa = PBXFileReference; lastKnownFileType = image.png; name = img4_1.png; path = Support/Resource/image/img4_1.png; sourceTree = "<group>"; };
		51A940581C008AAF00223A3B /* img4_2.png */ = {isa = PBXFileReference; lastKnownFileType = image.png; name = img4_2.png; path = Support/Resource/image/img4_2.png; sourceTree = "<group>"; };
		51A940591C008AAF00223A3B /* img4_3.png */ = {isa = PBXFileReference; lastKnownFileType = image.png; name = img4_3.png; path = Support/Resource/image/img4_3.png; sourceTree = "<group>"; };
		51A9405A1C008AAF00223A3B /* lauchscreen@2x.png */ = {isa = PBXFileReference; lastKnownFileType = image.png; name = "lauchscreen@2x.png"; path = "Support/Resource/image/lauchscreen@2x.png"; sourceTree = "<group>"; };
		51A9405B1C008AAF00223A3B /* separate.png */ = {isa = PBXFileReference; lastKnownFileType = image.png; name = separate.png; path = Support/Resource/image/separate.png; sourceTree = "<group>"; };
		51A940831C008B2D00223A3B /* RateViewController.h */ = {isa = PBXFileReference; fileEncoding = 4; lastKnownFileType = sourcecode.c.h; name = RateViewController.h; path = "ViewController/School/School Detail/RateViewController.h"; sourceTree = "<group>"; };
		51A940841C008B2D00223A3B /* RateViewController.m */ = {isa = PBXFileReference; fileEncoding = 4; lastKnownFileType = sourcecode.c.objc; name = RateViewController.m; path = "ViewController/School/School Detail/RateViewController.m"; sourceTree = "<group>"; };
		51A940851C008B2D00223A3B /* RateViewController.xib */ = {isa = PBXFileReference; fileEncoding = 4; lastKnownFileType = file.xib; name = RateViewController.xib; path = "ViewController/School/School Detail/RateViewController.xib"; sourceTree = "<group>"; };
		51A940861C008B2D00223A3B /* SchoolDetailViewController.h */ = {isa = PBXFileReference; fileEncoding = 4; lastKnownFileType = sourcecode.c.h; name = SchoolDetailViewController.h; path = "ViewController/School/School Detail/SchoolDetailViewController.h"; sourceTree = "<group>"; };
		51A940871C008B2D00223A3B /* SchoolDetailViewController.m */ = {isa = PBXFileReference; fileEncoding = 4; lastKnownFileType = sourcecode.c.objc; name = SchoolDetailViewController.m; path = "ViewController/School/School Detail/SchoolDetailViewController.m"; sourceTree = "<group>"; };
		51A940881C008B2D00223A3B /* SchoolDetailViewController.xib */ = {isa = PBXFileReference; fileEncoding = 4; lastKnownFileType = file.xib; name = SchoolDetailViewController.xib; path = "ViewController/School/School Detail/SchoolDetailViewController.xib"; sourceTree = "<group>"; };
		51A940891C008B2D00223A3B /* VietBLViewController.h */ = {isa = PBXFileReference; fileEncoding = 4; lastKnownFileType = sourcecode.c.h; name = VietBLViewController.h; path = "ViewController/School/School Detail/VietBLViewController.h"; sourceTree = "<group>"; };
		51A9408A1C008B2D00223A3B /* VietBLViewController.m */ = {isa = PBXFileReference; fileEncoding = 4; lastKnownFileType = sourcecode.c.objc; name = VietBLViewController.m; path = "ViewController/School/School Detail/VietBLViewController.m"; sourceTree = "<group>"; };
		51A9408B1C008B2D00223A3B /* VietBLViewController.xib */ = {isa = PBXFileReference; fileEncoding = 4; lastKnownFileType = file.xib; name = VietBLViewController.xib; path = "ViewController/School/School Detail/VietBLViewController.xib"; sourceTree = "<group>"; };
		51A9408C1C008B2D00223A3B /* WriteComment.h */ = {isa = PBXFileReference; fileEncoding = 4; lastKnownFileType = sourcecode.c.h; name = WriteComment.h; path = "ViewController/School/School Detail/WriteComment.h"; sourceTree = "<group>"; };
		51A9408D1C008B2D00223A3B /* WriteComment.m */ = {isa = PBXFileReference; fileEncoding = 4; lastKnownFileType = sourcecode.c.objc; name = WriteComment.m; path = "ViewController/School/School Detail/WriteComment.m"; sourceTree = "<group>"; };
		51A9408E1C008B2D00223A3B /* WriteComment.xib */ = {isa = PBXFileReference; fileEncoding = 4; lastKnownFileType = file.xib; name = WriteComment.xib; path = "ViewController/School/School Detail/WriteComment.xib"; sourceTree = "<group>"; };
		51A940AE1C00A04500223A3B /* Reachability.h */ = {isa = PBXFileReference; fileEncoding = 4; lastKnownFileType = sourcecode.c.h; name = Reachability.h; path = Lib/OldLib/Reachability.h; sourceTree = "<group>"; };
		51A940AF1C00A04500223A3B /* Reachability.m */ = {isa = PBXFileReference; fileEncoding = 4; lastKnownFileType = sourcecode.c.objc; name = Reachability.m; path = Lib/OldLib/Reachability.m; sourceTree = "<group>"; };
		51A940B01C00A04500223A3B /* Utils.h */ = {isa = PBXFileReference; fileEncoding = 4; lastKnownFileType = sourcecode.c.h; name = Utils.h; path = Lib/OldLib/Utils.h; sourceTree = "<group>"; };
		51A940B11C00A04500223A3B /* Utils.m */ = {isa = PBXFileReference; fileEncoding = 4; lastKnownFileType = sourcecode.c.objc; name = Utils.m; path = Lib/OldLib/Utils.m; sourceTree = "<group>"; };
		51A940B41C00A04D00223A3B /* MyLib.h */ = {isa = PBXFileReference; fileEncoding = 4; lastKnownFileType = sourcecode.c.h; name = MyLib.h; path = Lib/CustomLib/MyLib.h; sourceTree = "<group>"; };
		51A940B51C00A04D00223A3B /* MyLib.m */ = {isa = PBXFileReference; fileEncoding = 4; lastKnownFileType = sourcecode.c.objc; name = MyLib.m; path = Lib/CustomLib/MyLib.m; sourceTree = "<group>"; };
		51A940B71C00A06F00223A3B /* FunctionViewController.h */ = {isa = PBXFileReference; fileEncoding = 4; lastKnownFileType = sourcecode.c.h; name = FunctionViewController.h; path = ViewController/FunctionView/FunctionViewController.h; sourceTree = "<group>"; };
		51A940B81C00A06F00223A3B /* FunctionViewController.m */ = {isa = PBXFileReference; fileEncoding = 4; lastKnownFileType = sourcecode.c.objc; name = FunctionViewController.m; path = ViewController/FunctionView/FunctionViewController.m; sourceTree = "<group>"; };
		51A940B91C00A06F00223A3B /* FunctionViewController.xib */ = {isa = PBXFileReference; fileEncoding = 4; lastKnownFileType = file.xib; name = FunctionViewController.xib; path = ViewController/FunctionView/FunctionViewController.xib; sourceTree = "<group>"; };
		51A940BC1C00A07B00223A3B /* HoatDongCellTableViewCell.h */ = {isa = PBXFileReference; fileEncoding = 4; lastKnownFileType = sourcecode.c.h; name = HoatDongCellTableViewCell.h; path = ViewController/FunctionView/Activity/HoatDongCellTableViewCell.h; sourceTree = "<group>"; };
		51A940BD1C00A07B00223A3B /* HoatDongCellTableViewCell.m */ = {isa = PBXFileReference; fileEncoding = 4; lastKnownFileType = sourcecode.c.objc; name = HoatDongCellTableViewCell.m; path = ViewController/FunctionView/Activity/HoatDongCellTableViewCell.m; sourceTree = "<group>"; };
		51A940BE1C00A07B00223A3B /* HoatDongCellTableViewCell.xib */ = {isa = PBXFileReference; fileEncoding = 4; lastKnownFileType = file.xib; name = HoatDongCellTableViewCell.xib; path = ViewController/FunctionView/Activity/HoatDongCellTableViewCell.xib; sourceTree = "<group>"; };
		51A940BF1C00A07B00223A3B /* HoatDongViewController.h */ = {isa = PBXFileReference; fileEncoding = 4; lastKnownFileType = sourcecode.c.h; name = HoatDongViewController.h; path = ViewController/FunctionView/Activity/HoatDongViewController.h; sourceTree = "<group>"; };
		51A940C01C00A07B00223A3B /* HoatDongViewController.m */ = {isa = PBXFileReference; fileEncoding = 4; lastKnownFileType = sourcecode.c.objc; name = HoatDongViewController.m; path = ViewController/FunctionView/Activity/HoatDongViewController.m; sourceTree = "<group>"; };
		51A940C11C00A07B00223A3B /* HoatDongViewController.xib */ = {isa = PBXFileReference; fileEncoding = 4; lastKnownFileType = file.xib; name = HoatDongViewController.xib; path = ViewController/FunctionView/Activity/HoatDongViewController.xib; sourceTree = "<group>"; };
		51A940C61C00A08500223A3B /* PianoViewController.h */ = {isa = PBXFileReference; fileEncoding = 4; lastKnownFileType = sourcecode.c.h; name = PianoViewController.h; path = ViewController/FunctionView/Game/PianoViewController.h; sourceTree = "<group>"; };
		51A940C71C00A08500223A3B /* PianoViewController.m */ = {isa = PBXFileReference; fileEncoding = 4; lastKnownFileType = sourcecode.c.objc; name = PianoViewController.m; path = ViewController/FunctionView/Game/PianoViewController.m; sourceTree = "<group>"; };
		51A940C81C00A08500223A3B /* PianoViewController.xib */ = {isa = PBXFileReference; fileEncoding = 4; lastKnownFileType = file.xib; name = PianoViewController.xib; path = ViewController/FunctionView/Game/PianoViewController.xib; sourceTree = "<group>"; };
		51A940CB1C00A09000223A3B /* NoticeView.h */ = {isa = PBXFileReference; fileEncoding = 4; lastKnownFileType = sourcecode.c.h; name = NoticeView.h; path = ViewController/FunctionView/Notice/NoticeView.h; sourceTree = "<group>"; };
		51A940CC1C00A09000223A3B /* NoticeView.m */ = {isa = PBXFileReference; fileEncoding = 4; lastKnownFileType = sourcecode.c.objc; name = NoticeView.m; path = ViewController/FunctionView/Notice/NoticeView.m; sourceTree = "<group>"; };
		51A940CD1C00A09000223A3B /* NoticeView.xib */ = {isa = PBXFileReference; fileEncoding = 4; lastKnownFileType = file.xib; name = NoticeView.xib; path = ViewController/FunctionView/Notice/NoticeView.xib; sourceTree = "<group>"; };
		51A940D01C00A09A00223A3B /* ThucDonViewController.h */ = {isa = PBXFileReference; fileEncoding = 4; lastKnownFileType = sourcecode.c.h; name = ThucDonViewController.h; path = ViewController/FunctionView/Menu/ThucDonViewController.h; sourceTree = "<group>"; };
		51A940D11C00A09A00223A3B /* ThucDonViewController.m */ = {isa = PBXFileReference; fileEncoding = 4; lastKnownFileType = sourcecode.c.objc; name = ThucDonViewController.m; path = ViewController/FunctionView/Menu/ThucDonViewController.m; sourceTree = "<group>"; };
		51A940D21C00A09A00223A3B /* ThucDonViewController.xib */ = {isa = PBXFileReference; fileEncoding = 4; lastKnownFileType = file.xib; name = ThucDonViewController.xib; path = ViewController/FunctionView/Menu/ThucDonViewController.xib; sourceTree = "<group>"; };
		51A940D51C00A0AF00223A3B /* LiveStreamViewController.h */ = {isa = PBXFileReference; fileEncoding = 4; lastKnownFileType = sourcecode.c.h; name = LiveStreamViewController.h; path = ViewController/FunctionView/LiveStream/LiveStreamViewController.h; sourceTree = "<group>"; };
		51A940D61C00A0AF00223A3B /* LiveStreamViewController.m */ = {isa = PBXFileReference; fileEncoding = 4; lastKnownFileType = sourcecode.c.objc; name = LiveStreamViewController.m; path = ViewController/FunctionView/LiveStream/LiveStreamViewController.m; sourceTree = "<group>"; };
		51A940D71C00A0AF00223A3B /* LiveStreamViewController.xib */ = {isa = PBXFileReference; fileEncoding = 4; lastKnownFileType = file.xib; name = LiveStreamViewController.xib; path = ViewController/FunctionView/LiveStream/LiveStreamViewController.xib; sourceTree = "<group>"; };
		51A940DA1C00A0BC00223A3B /* AddHealth.h */ = {isa = PBXFileReference; fileEncoding = 4; lastKnownFileType = sourcecode.c.h; name = AddHealth.h; path = ViewController/FunctionView/HealthStatus/AddHealth.h; sourceTree = "<group>"; };
		51A940DB1C00A0BC00223A3B /* AddHealth.m */ = {isa = PBXFileReference; fileEncoding = 4; lastKnownFileType = sourcecode.c.objc; name = AddHealth.m; path = ViewController/FunctionView/HealthStatus/AddHealth.m; sourceTree = "<group>"; };
		51A940DC1C00A0BC00223A3B /* AddHealth.xib */ = {isa = PBXFileReference; fileEncoding = 4; lastKnownFileType = file.xib; name = AddHealth.xib; path = ViewController/FunctionView/HealthStatus/AddHealth.xib; sourceTree = "<group>"; };
		51A940DD1C00A0BC00223A3B /* HealthCell.h */ = {isa = PBXFileReference; fileEncoding = 4; lastKnownFileType = sourcecode.c.h; name = HealthCell.h; path = ViewController/FunctionView/HealthStatus/HealthCell.h; sourceTree = "<group>"; };
		51A940DE1C00A0BC00223A3B /* HealthCell.m */ = {isa = PBXFileReference; fileEncoding = 4; lastKnownFileType = sourcecode.c.objc; name = HealthCell.m; path = ViewController/FunctionView/HealthStatus/HealthCell.m; sourceTree = "<group>"; };
		51A940DF1C00A0BC00223A3B /* HealthCell.xib */ = {isa = PBXFileReference; fileEncoding = 4; lastKnownFileType = file.xib; name = HealthCell.xib; path = ViewController/FunctionView/HealthStatus/HealthCell.xib; sourceTree = "<group>"; };
		51A940E31C00A0BC00223A3B /* SucKhoeViewController.h */ = {isa = PBXFileReference; fileEncoding = 4; lastKnownFileType = sourcecode.c.h; name = SucKhoeViewController.h; path = ViewController/FunctionView/HealthStatus/SucKhoeViewController.h; sourceTree = "<group>"; };
		51A940E41C00A0BC00223A3B /* SucKhoeViewController.m */ = {isa = PBXFileReference; fileEncoding = 4; lastKnownFileType = sourcecode.c.objc; name = SucKhoeViewController.m; path = ViewController/FunctionView/HealthStatus/SucKhoeViewController.m; sourceTree = "<group>"; };
		51A940E51C00A0BC00223A3B /* SucKhoeViewController.xib */ = {isa = PBXFileReference; fileEncoding = 4; lastKnownFileType = file.xib; name = SucKhoeViewController.xib; path = ViewController/FunctionView/HealthStatus/SucKhoeViewController.xib; sourceTree = "<group>"; };
		51A940EE1C00A1F700223A3B /* Bolts.framework */ = {isa = PBXFileReference; lastKnownFileType = wrapper.framework; name = Bolts.framework; path = Support/ParseFramework/Bolts.framework; sourceTree = "<group>"; };
		51A940EF1C00A1F700223A3B /* Parse.framework */ = {isa = PBXFileReference; lastKnownFileType = wrapper.framework; name = Parse.framework; path = Support/ParseFramework/Parse.framework; sourceTree = "<group>"; };
		51A940F01C00A1F700223A3B /* ParseUI.framework */ = {isa = PBXFileReference; lastKnownFileType = wrapper.framework; name = ParseUI.framework; path = Support/ParseFramework/ParseUI.framework; sourceTree = "<group>"; };
		51A940FC1C00A39000223A3B /* BaseNavigationController.h */ = {isa = PBXFileReference; fileEncoding = 4; lastKnownFileType = sourcecode.c.h; name = BaseNavigationController.h; path = ViewController/BaseNavigation/BaseNavigationController.h; sourceTree = "<group>"; };
		51A940FD1C00A39000223A3B /* BaseNavigationController.m */ = {isa = PBXFileReference; fileEncoding = 4; lastKnownFileType = sourcecode.c.objc; name = BaseNavigationController.m; path = ViewController/BaseNavigation/BaseNavigationController.m; sourceTree = "<group>"; };
		A02661D9D79C61F4AEDFD976 /* Pods.release.xcconfig */ = {isa = PBXFileReference; includeInIndex = 1; lastKnownFileType = text.xcconfig; name = Pods.release.xcconfig; path = "Pods/Target Support Files/Pods/Pods.release.xcconfig"; sourceTree = "<group>"; };
		B17461C75361181AA8523F47 /* libPods.a */ = {isa = PBXFileReference; explicitFileType = archive.ar; includeInIndex = 0; path = libPods.a; sourceTree = BUILT_PRODUCTS_DIR; };
		B7C5F5C44223DB30D15FF2FC /* Pods.debug.xcconfig */ = {isa = PBXFileReference; includeInIndex = 1; lastKnownFileType = text.xcconfig; name = Pods.debug.xcconfig; path = "Pods/Target Support Files/Pods/Pods.debug.xcconfig"; sourceTree = "<group>"; };
		C3B39EC21BFF374D00C4A0EB /* BabeSchool.app */ = {isa = PBXFileReference; explicitFileType = wrapper.application; includeInIndex = 0; path = BabeSchool.app; sourceTree = BUILT_PRODUCTS_DIR; };
		C3B39EC61BFF374D00C4A0EB /* main.m */ = {isa = PBXFileReference; lastKnownFileType = sourcecode.c.objc; path = main.m; sourceTree = "<group>"; };
		C3B39EC81BFF374D00C4A0EB /* AppDelegate.h */ = {isa = PBXFileReference; lastKnownFileType = sourcecode.c.h; path = AppDelegate.h; sourceTree = "<group>"; };
		C3B39EC91BFF374D00C4A0EB /* AppDelegate.m */ = {isa = PBXFileReference; lastKnownFileType = sourcecode.c.objc; path = AppDelegate.m; sourceTree = "<group>"; };
		C3B39ED21BFF374D00C4A0EB /* BabeSchool.xcdatamodel */ = {isa = PBXFileReference; lastKnownFileType = wrapper.xcdatamodel; path = BabeSchool.xcdatamodel; sourceTree = "<group>"; };
		C3B39ED41BFF374D00C4A0EB /* Assets.xcassets */ = {isa = PBXFileReference; lastKnownFileType = folder.assetcatalog; path = Assets.xcassets; sourceTree = "<group>"; };
		C3B39ED71BFF374D00C4A0EB /* Base */ = {isa = PBXFileReference; lastKnownFileType = file.storyboard; name = Base; path = Base.lproj/LaunchScreen.storyboard; sourceTree = "<group>"; };
		C3B39ED91BFF374D00C4A0EB /* Info.plist */ = {isa = PBXFileReference; lastKnownFileType = text.plist.xml; path = Info.plist; sourceTree = "<group>"; };
		C3B39EDE1BFF374D00C4A0EB /* BabeSchoolTests.xctest */ = {isa = PBXFileReference; explicitFileType = wrapper.cfbundle; includeInIndex = 0; path = BabeSchoolTests.xctest; sourceTree = BUILT_PRODUCTS_DIR; };
		C3B39EE21BFF374D00C4A0EB /* BabeSchoolTests.m */ = {isa = PBXFileReference; lastKnownFileType = sourcecode.c.objc; path = BabeSchoolTests.m; sourceTree = "<group>"; };
		C3B39EE41BFF374D00C4A0EB /* Info.plist */ = {isa = PBXFileReference; lastKnownFileType = text.plist.xml; path = Info.plist; sourceTree = "<group>"; };
		C3B39EE91BFF374D00C4A0EB /* BabeSchoolUITests.xctest */ = {isa = PBXFileReference; explicitFileType = wrapper.cfbundle; includeInIndex = 0; path = BabeSchoolUITests.xctest; sourceTree = BUILT_PRODUCTS_DIR; };
		C3B39EED1BFF374D00C4A0EB /* BabeSchoolUITests.m */ = {isa = PBXFileReference; lastKnownFileType = sourcecode.c.objc; path = BabeSchoolUITests.m; sourceTree = "<group>"; };
		C3B39EEF1BFF374D00C4A0EB /* Info.plist */ = {isa = PBXFileReference; lastKnownFileType = text.plist.xml; path = Info.plist; sourceTree = "<group>"; };
/* End PBXFileReference section */

/* Begin PBXFrameworksBuildPhase section */
		C3B39EBF1BFF374D00C4A0EB /* Frameworks */ = {
			isa = PBXFrameworksBuildPhase;
			buildActionMask = 2147483647;
			files = (
				513434D31C002995008858EE /* AudioToolbox.framework in Frameworks */,
				513434D11C00298B008858EE /* AVFoundation.framework in Frameworks */,
				513434CF1C002983008858EE /* CoreMIDI.framework in Frameworks */,
				513434CD1C00297A008858EE /* CoreAudio.framework in Frameworks */,
				127734661BFFE93600E811A5 /* libsqlite3.0.tbd in Frameworks */,
				127734671BFFE93600E811A5 /* libsqlite3.tbd in Frameworks */,
				127734611BFFE6C400E811A5 /* Bolts.framework in Frameworks */,
				127734621BFFE6C400E811A5 /* Parse.framework in Frameworks */,
				51A940F11C00A1F700223A3B /* Bolts.framework in Frameworks */,
				127734631BFFE6C400E811A5 /* ParseUI.framework in Frameworks */,
				51A940F21C00A1F700223A3B /* Parse.framework in Frameworks */,
				B7F896246B16724A7E847B8D /* libPods.a in Frameworks */,
				51A940F31C00A1F700223A3B /* ParseUI.framework in Frameworks */,
			);
			runOnlyForDeploymentPostprocessing = 0;
		};
		C3B39EDB1BFF374D00C4A0EB /* Frameworks */ = {
			isa = PBXFrameworksBuildPhase;
			buildActionMask = 2147483647;
			files = (
			);
			runOnlyForDeploymentPostprocessing = 0;
		};
		C3B39EE61BFF374D00C4A0EB /* Frameworks */ = {
			isa = PBXFrameworksBuildPhase;
			buildActionMask = 2147483647;
			files = (
			);
			runOnlyForDeploymentPostprocessing = 0;
		};
/* End PBXFrameworksBuildPhase section */

/* Begin PBXGroup section */
		125CF4021BFF3BF60049D6D8 /* Support */ = {
			isa = PBXGroup;
			children = (
				51A93F7E1C00857400223A3B /* Parse Framework */,
				513434C71C002940008858EE /* Piano */,
				51CBB2D01BFF6346007040E3 /* Resource */,
			);
			name = Support;
			sourceTree = "<group>";
		};
		12601B3F1BFF441F0070F8D2 /* School Detail */ = {
			isa = PBXGroup;
			children = (
				51A940831C008B2D00223A3B /* RateViewController.h */,
				51A940841C008B2D00223A3B /* RateViewController.m */,
				51A940851C008B2D00223A3B /* RateViewController.xib */,
				51A940861C008B2D00223A3B /* SchoolDetailViewController.h */,
				51A940871C008B2D00223A3B /* SchoolDetailViewController.m */,
				51A940881C008B2D00223A3B /* SchoolDetailViewController.xib */,
				51A940891C008B2D00223A3B /* VietBLViewController.h */,
				51A9408A1C008B2D00223A3B /* VietBLViewController.m */,
				51A9408B1C008B2D00223A3B /* VietBLViewController.xib */,
				51A9408C1C008B2D00223A3B /* WriteComment.h */,
				51A9408D1C008B2D00223A3B /* WriteComment.m */,
				51A9408E1C008B2D00223A3B /* WriteComment.xib */,
			);
			name = "School Detail";
			sourceTree = "<group>";
		};
		12601B4B1BFF4A5F0070F8D2 /* Function View */ = {
			isa = PBXGroup;
			children = (
				51A940B71C00A06F00223A3B /* FunctionViewController.h */,
				51A940B81C00A06F00223A3B /* FunctionViewController.m */,
				51A940B91C00A06F00223A3B /* FunctionViewController.xib */,
				127D05401C00845900F25DB2 /* Activity */,
				1277346D1BFFF77900E811A5 /* Game */,
				51D449AB1BFFB6D9001121C7 /* Notice */,
				51D449AA1BFFB6C8001121C7 /* Menu */,
				51D449A91BFFB6B9001121C7 /* Live Stream */,
				51D4499E1BFF9C33001121C7 /* Health Status */,
			);
			name = "Function View";
			sourceTree = "<group>";
		};
		1277346D1BFFF77900E811A5 /* Game */ = {
			isa = PBXGroup;
			children = (
				51A940C61C00A08500223A3B /* PianoViewController.h */,
				51A940C71C00A08500223A3B /* PianoViewController.m */,
				51A940C81C00A08500223A3B /* PianoViewController.xib */,
			);
			name = Game;
			sourceTree = "<group>";
		};
		127D05401C00845900F25DB2 /* Activity */ = {
			isa = PBXGroup;
			children = (
				51A940BC1C00A07B00223A3B /* HoatDongCellTableViewCell.h */,
				51A940BD1C00A07B00223A3B /* HoatDongCellTableViewCell.m */,
				51A940BE1C00A07B00223A3B /* HoatDongCellTableViewCell.xib */,
				51A940BF1C00A07B00223A3B /* HoatDongViewController.h */,
				51A940C01C00A07B00223A3B /* HoatDongViewController.m */,
				51A940C11C00A07B00223A3B /* HoatDongViewController.xib */,
			);
			name = Activity;
			sourceTree = "<group>";
		};
		513434C71C002940008858EE /* Piano */ = {
			isa = PBXGroup;
			children = (
				513434D51C0029DC008858EE /* Sound */,
				513434D41C0029C5008858EE /* Sound Bank Player */,
			);
			name = Piano;
			sourceTree = "<group>";
		};
		513434D41C0029C5008858EE /* Sound Bank Player */ = {
			isa = PBXGroup;
			children = (
				51A9400D1C0089AD00223A3B /* OpenALSupport.c */,
				51A9400E1C0089AD00223A3B /* OpenALSupport.h */,
				51A9400F1C0089AD00223A3B /* SoundBankPlayer.h */,
				51A940101C0089AD00223A3B /* SoundBankPlayer.m */,
			);
			name = "Sound Bank Player";
			sourceTree = "<group>";
		};
		513434D51C0029DC008858EE /* Sound */ = {
			isa = PBXGroup;
			children = (
				51A93FE31C00897200223A3B /* P200 Piano A#2.caf */,
				51A93FE41C00897200223A3B /* P200 Piano A#3.caf */,
				51A93FE51C00897200223A3B /* P200 Piano A#4.caf */,
				51A93FE61C00897200223A3B /* P200 Piano A#5.caf */,
				51A93FE71C00897200223A3B /* P200 Piano A#7.caf */,
				51A93FE81C00897200223A3B /* P200 Piano C7.caf */,
				51A93FE91C00897200223A3B /* P200 Piano C10.caf */,
				51A93FEA1C00897200223A3B /* P200 Piano D#8.caf */,
				51A93FEB1C00897200223A3B /* P200 Piano D2.caf */,
				51A93FEC1C00897200223A3B /* P200 Piano D3.caf */,
				51A93FED1C00897200223A3B /* P200 Piano D4.caf */,
				51A93FEE1C00897200223A3B /* P200 Piano D5.caf */,
				51A93FEF1C00897200223A3B /* P200 Piano D6.caf */,
				51A93FF01C00897300223A3B /* P200 Piano F#2.caf */,
				51A93FF11C00897300223A3B /* P200 Piano F#3.caf */,
				51A93FF21C00897300223A3B /* P200 Piano F#4.caf */,
				51A93FF31C00897300223A3B /* P200 Piano F#5.caf */,
				51A93FF41C00897300223A3B /* P200 Piano F#6.caf */,
				51A93FF51C00897300223A3B /* P200 Piano F#7.caf */,
				51A93FF61C00897300223A3B /* P200 Piano G#9.caf */,
				51A93FF71C00897300223A3B /* Piano.plist */,
			);
			name = Sound;
			sourceTree = "<group>";
		};
		513435061C002DF1008858EE /* Base Navigation */ = {
			isa = PBXGroup;
			children = (
				51A940FC1C00A39000223A3B /* BaseNavigationController.h */,
				51A940FD1C00A39000223A3B /* BaseNavigationController.m */,
			);
			name = "Base Navigation";
			sourceTree = "<group>";
		};
		51A93F7B1C00850900223A3B /* CustomLib */ = {
			isa = PBXGroup;
			children = (
				51A940B41C00A04D00223A3B /* MyLib.h */,
				51A940B51C00A04D00223A3B /* MyLib.m */,
			);
			name = CustomLib;
			sourceTree = "<group>";
		};
		51A93F7C1C00851100223A3B /* OldLib */ = {
			isa = PBXGroup;
			children = (
				51A940AE1C00A04500223A3B /* Reachability.h */,
				51A940AF1C00A04500223A3B /* Reachability.m */,
				51A940B01C00A04500223A3B /* Utils.h */,
				51A940B11C00A04500223A3B /* Utils.m */,
			);
			name = OldLib;
			sourceTree = "<group>";
		};
		51A93F7E1C00857400223A3B /* Parse Framework */ = {
			isa = PBXGroup;
			children = (
				51A940EE1C00A1F700223A3B /* Bolts.framework */,
				51A940EF1C00A1F700223A3B /* Parse.framework */,
				51A940F01C00A1F700223A3B /* ParseUI.framework */,
			);
			name = "Parse Framework";
			sourceTree = "<group>";
		};
		51A93F801C00859D00223A3B /* image */ = {
			isa = PBXGroup;
			children = (
				51A9403B1C008AAF00223A3B /* background@2x.png */,
				51A9403C1C008AAF00223A3B /* bg_btn.png */,
				51A9403D1C008AAF00223A3B /* bg_function@2x.png */,
				51A9403E1C008AAF00223A3B /* bg_menu@2x.png */,
				51A9403F1C008AAF00223A3B /* btn_back_black@2x.png */,
				51A940401C008AAF00223A3B /* btn_back@2x.png */,
				51A940411C008AAF00223A3B /* btn_cancel@2x.png */,
				51A940421C008AAF00223A3B /* btn_function@2x.png */,
				51A940431C008AAF00223A3B /* btn_list@2x.png */,
				51A940441C008AAF00223A3B /* btn_login@2x.png */,
				51A940451C008AAF00223A3B /* btn_logout@2x.png */,
				51A940461C008AAF00223A3B /* btn_search@2x.png */,
				51A940471C008AAF00223A3B /* green_bg.png */,
				51A940481C008AAF00223A3B /* img_btn.png */,
				51A940491C008AAF00223A3B /* img_danhgia.png */,
				51A9404A1C008AAF00223A3B /* img_login.png */,
				51A9404B1C008AAF00223A3B /* img_map.png */,
				51A9404C1C008AAF00223A3B /* img_mota.png */,
				51A9404D1C008AAF00223A3B /* img_thuchi.png */,
				51A9404E1C008AAF00223A3B /* img1_1.png */,
				51A9404F1C008AAF00223A3B /* img1_2.png */,
				51A940501C008AAF00223A3B /* img1_3.png */,
				51A940511C008AAF00223A3B /* img2_1.png */,
				51A940521C008AAF00223A3B /* img2_2.png */,
				51A940531C008AAF00223A3B /* img2_3.png */,
				51A940541C008AAF00223A3B /* img3_1.png */,
				51A940551C008AAF00223A3B /* img3_2.png */,
				51A940561C008AAF00223A3B /* img3_3.png */,
				51A940571C008AAF00223A3B /* img4_1.png */,
				51A940581C008AAF00223A3B /* img4_2.png */,
				51A940591C008AAF00223A3B /* img4_3.png */,
				51A9405A1C008AAF00223A3B /* lauchscreen@2x.png */,
				51A9405B1C008AAF00223A3B /* separate.png */,
			);
			name = image;
			sourceTree = "<group>";
		};
		51A93FDF1C0088EE00223A3B /* KASlideShow */ = {
			isa = PBXGroup;
			children = (
				51A93FE01C0088FB00223A3B /* KASlideShow.h */,
				51A93FE11C0088FB00223A3B /* KASlideShow.m */,
			);
			name = KASlideShow;
			sourceTree = "<group>";
		};
		51CBB2981BFF3D7A007040E3 /* ViewController */ = {
			isa = PBXGroup;
			children = (
				513435061C002DF1008858EE /* Base Navigation */,
				12601B4B1BFF4A5F0070F8D2 /* Function View */,
				51CBB2A51BFF49BE007040E3 /* Login */,
				51CBB29E1BFF3DAE007040E3 /* School  */,
			);
			name = ViewController;
			sourceTree = "<group>";
		};
		51CBB29E1BFF3DAE007040E3 /* School  */ = {
			isa = PBXGroup;
			children = (
				12601B3F1BFF441F0070F8D2 /* School Detail */,
				51CBB29F1BFF3E41007040E3 /* ListSchool */,
			);
			name = "School ";
			sourceTree = "<group>";
		};
		51CBB29F1BFF3E41007040E3 /* ListSchool */ = {
			isa = PBXGroup;
			children = (
				51A93FD51C0088B100223A3B /* ListSchoolViewController.h */,
				51A93FD61C0088B100223A3B /* ListSchoolViewController.m */,
				51A93FD71C0088B100223A3B /* ListSchoolViewController.xib */,
				51A93FD81C0088B100223A3B /* SchoolCell.h */,
				51A93FD91C0088B100223A3B /* SchoolCell.m */,
				51A93FDA1C0088B100223A3B /* SchoolCell.xib */,
			);
			name = ListSchool;
			sourceTree = "<group>";
		};
		51CBB2A51BFF49BE007040E3 /* Login */ = {
			isa = PBXGroup;
			children = (
				51A93FBC1C00883300223A3B /* LoginViewController.h */,
				51A93FBD1C00883300223A3B /* LoginViewController.m */,
				51A93FBE1C00883300223A3B /* LoginViewController.xib */,
			);
			name = Login;
			sourceTree = "<group>";
		};
		51CBB2D01BFF6346007040E3 /* Resource */ = {
			isa = PBXGroup;
			children = (
				51A940271C008A3B00223A3B /* users.json */,
				51A93F801C00859D00223A3B /* image */,
				51D4497E1BFF8793001121C7 /* Model */,
			);
			name = Resource;
			sourceTree = "<group>";
		};
		51D4497E1BFF8793001121C7 /* Model */ = {
			isa = PBXGroup;
			children = (
				51A940291C008A4800223A3B /* Comment.h */,
				51A9402A1C008A4800223A3B /* Comment.m */,
				51A9402B1C008A4800223A3B /* foodmenu.h */,
				51A9402C1C008A4800223A3B /* foodmenu.m */,
				51A9402D1C008A4800223A3B /* Health.h */,
				51A9402E1C008A4800223A3B /* Health.m */,
				51A9402F1C008A4800223A3B /* hoatdong.h */,
				51A940301C008A4800223A3B /* hoatdong.m */,
				51A940311C008A4800223A3B /* School.h */,
				51A940321C008A4800223A3B /* School.m */,
				51A940331C008A4800223A3B /* User.h */,
				51A940341C008A4800223A3B /* User.m */,
			);
			name = Model;
			sourceTree = "<group>";
		};
		51D449821BFF9217001121C7 /* Lib */ = {
			isa = PBXGroup;
			children = (
				51A93FDF1C0088EE00223A3B /* KASlideShow */,
				51A93F7C1C00851100223A3B /* OldLib */,
				51A93F7B1C00850900223A3B /* CustomLib */,
				51D449AF1BFFB7FC001121C7 /* KLCPopup */,
			);
			name = Lib;
			sourceTree = "<group>";
		};
		51D4499E1BFF9C33001121C7 /* Health Status */ = {
			isa = PBXGroup;
			children = (
				51A940DA1C00A0BC00223A3B /* AddHealth.h */,
				51A940DB1C00A0BC00223A3B /* AddHealth.m */,
				51A940DC1C00A0BC00223A3B /* AddHealth.xib */,
				51A940DD1C00A0BC00223A3B /* HealthCell.h */,
				51A940DE1C00A0BC00223A3B /* HealthCell.m */,
				51A940DF1C00A0BC00223A3B /* HealthCell.xib */,
				51A940E31C00A0BC00223A3B /* SucKhoeViewController.h */,
				51A940E41C00A0BC00223A3B /* SucKhoeViewController.m */,
				51A940E51C00A0BC00223A3B /* SucKhoeViewController.xib */,
			);
			name = "Health Status";
			sourceTree = "<group>";
		};
		51D449A91BFFB6B9001121C7 /* Live Stream */ = {
			isa = PBXGroup;
			children = (
				51A940D51C00A0AF00223A3B /* LiveStreamViewController.h */,
				51A940D61C00A0AF00223A3B /* LiveStreamViewController.m */,
				51A940D71C00A0AF00223A3B /* LiveStreamViewController.xib */,
			);
			name = "Live Stream";
			sourceTree = "<group>";
		};
		51D449AA1BFFB6C8001121C7 /* Menu */ = {
			isa = PBXGroup;
			children = (
				51A940D01C00A09A00223A3B /* ThucDonViewController.h */,
				51A940D11C00A09A00223A3B /* ThucDonViewController.m */,
				51A940D21C00A09A00223A3B /* ThucDonViewController.xib */,
			);
			name = Menu;
			sourceTree = "<group>";
		};
		51D449AB1BFFB6D9001121C7 /* Notice */ = {
			isa = PBXGroup;
			children = (
				51A940CB1C00A09000223A3B /* NoticeView.h */,
				51A940CC1C00A09000223A3B /* NoticeView.m */,
				51A940CD1C00A09000223A3B /* NoticeView.xib */,
			);
			name = Notice;
			sourceTree = "<group>";
		};
		51D449AF1BFFB7FC001121C7 /* KLCPopup */ = {
			isa = PBXGroup;
			children = (
				51A93F841C00869500223A3B /* KLCPopup.h */,
				51A93F851C00869500223A3B /* KLCPopup.m */,
			);
			name = KLCPopup;
			sourceTree = "<group>";
		};
		7079E567A92BBB7ADF54141E /* Frameworks */ = {
			isa = PBXGroup;
			children = (
				513434D21C002995008858EE /* AudioToolbox.framework */,
				513434D01C00298B008858EE /* AVFoundation.framework */,
				513434CE1C002983008858EE /* CoreMIDI.framework */,
				513434CC1C00297A008858EE /* CoreAudio.framework */,
				127734641BFFE93600E811A5 /* libsqlite3.0.tbd */,
				127734651BFFE93600E811A5 /* libsqlite3.tbd */,
				1277345E1BFFE6C400E811A5 /* Bolts.framework */,
				1277345F1BFFE6C400E811A5 /* Parse.framework */,
				127734601BFFE6C400E811A5 /* ParseUI.framework */,
				B17461C75361181AA8523F47 /* libPods.a */,
			);
			name = Frameworks;
			sourceTree = "<group>";
		};
		BEEB15A6F79F779FAD142408 /* Pods */ = {
			isa = PBXGroup;
			children = (
				B7C5F5C44223DB30D15FF2FC /* Pods.debug.xcconfig */,
				A02661D9D79C61F4AEDFD976 /* Pods.release.xcconfig */,
			);
			name = Pods;
			sourceTree = "<group>";
		};
		C3B39EB91BFF374D00C4A0EB = {
			isa = PBXGroup;
			children = (
				C3B39EC41BFF374D00C4A0EB /* BabeSchool */,
				C3B39EE11BFF374D00C4A0EB /* BabeSchoolTests */,
				C3B39EEC1BFF374D00C4A0EB /* BabeSchoolUITests */,
				C3B39EC31BFF374D00C4A0EB /* Products */,
				BEEB15A6F79F779FAD142408 /* Pods */,
				7079E567A92BBB7ADF54141E /* Frameworks */,
			);
			sourceTree = "<group>";
		};
		C3B39EC31BFF374D00C4A0EB /* Products */ = {
			isa = PBXGroup;
			children = (
				C3B39EC21BFF374D00C4A0EB /* BabeSchool.app */,
				C3B39EDE1BFF374D00C4A0EB /* BabeSchoolTests.xctest */,
				C3B39EE91BFF374D00C4A0EB /* BabeSchoolUITests.xctest */,
			);
			name = Products;
			sourceTree = "<group>";
		};
		C3B39EC41BFF374D00C4A0EB /* BabeSchool */ = {
			isa = PBXGroup;
			children = (
				51D449821BFF9217001121C7 /* Lib */,
				51CBB2981BFF3D7A007040E3 /* ViewController */,
				125CF4021BFF3BF60049D6D8 /* Support */,
				C3B39EC81BFF374D00C4A0EB /* AppDelegate.h */,
				C3B39EC91BFF374D00C4A0EB /* AppDelegate.m */,
				C3B39ED41BFF374D00C4A0EB /* Assets.xcassets */,
				C3B39ED61BFF374D00C4A0EB /* LaunchScreen.storyboard */,
				C3B39ED91BFF374D00C4A0EB /* Info.plist */,
				C3B39ED11BFF374D00C4A0EB /* BabeSchool.xcdatamodeld */,
				C3B39EC51BFF374D00C4A0EB /* Supporting Files */,
			);
			path = BabeSchool;
			sourceTree = "<group>";
		};
		C3B39EC51BFF374D00C4A0EB /* Supporting Files */ = {
			isa = PBXGroup;
			children = (
				C3B39EC61BFF374D00C4A0EB /* main.m */,
			);
			name = "Supporting Files";
			sourceTree = "<group>";
		};
		C3B39EE11BFF374D00C4A0EB /* BabeSchoolTests */ = {
			isa = PBXGroup;
			children = (
				C3B39EE21BFF374D00C4A0EB /* BabeSchoolTests.m */,
				C3B39EE41BFF374D00C4A0EB /* Info.plist */,
			);
			path = BabeSchoolTests;
			sourceTree = "<group>";
		};
		C3B39EEC1BFF374D00C4A0EB /* BabeSchoolUITests */ = {
			isa = PBXGroup;
			children = (
				C3B39EED1BFF374D00C4A0EB /* BabeSchoolUITests.m */,
				C3B39EEF1BFF374D00C4A0EB /* Info.plist */,
			);
			path = BabeSchoolUITests;
			sourceTree = "<group>";
		};
/* End PBXGroup section */

/* Begin PBXNativeTarget section */
		C3B39EC11BFF374D00C4A0EB /* BabeSchool */ = {
			isa = PBXNativeTarget;
			buildConfigurationList = C3B39EF21BFF374D00C4A0EB /* Build configuration list for PBXNativeTarget "BabeSchool" */;
			buildPhases = (
				1D00CFB67C63C88B4C81B74B /* Check Pods Manifest.lock */,
				C3B39EBE1BFF374D00C4A0EB /* Sources */,
				C3B39EBF1BFF374D00C4A0EB /* Frameworks */,
				C3B39EC01BFF374D00C4A0EB /* Resources */,
				4EA06D8D06FB305BBF7B05E0 /* Copy Pods Resources */,
				F5B4D098544991EAE9FF3B7B /* Embed Pods Frameworks */,
				513C92F71C00ACAA00129DA7 /* Embed Frameworks */,
			);
			buildRules = (
			);
			dependencies = (
			);
			name = BabeSchool;
			productName = BabeSchool;
			productReference = C3B39EC21BFF374D00C4A0EB /* BabeSchool.app */;
			productType = "com.apple.product-type.application";
		};
		C3B39EDD1BFF374D00C4A0EB /* BabeSchoolTests */ = {
			isa = PBXNativeTarget;
			buildConfigurationList = C3B39EF51BFF374D00C4A0EB /* Build configuration list for PBXNativeTarget "BabeSchoolTests" */;
			buildPhases = (
				C3B39EDA1BFF374D00C4A0EB /* Sources */,
				C3B39EDB1BFF374D00C4A0EB /* Frameworks */,
				C3B39EDC1BFF374D00C4A0EB /* Resources */,
			);
			buildRules = (
			);
			dependencies = (
				C3B39EE01BFF374D00C4A0EB /* PBXTargetDependency */,
			);
			name = BabeSchoolTests;
			productName = BabeSchoolTests;
			productReference = C3B39EDE1BFF374D00C4A0EB /* BabeSchoolTests.xctest */;
			productType = "com.apple.product-type.bundle.unit-test";
		};
		C3B39EE81BFF374D00C4A0EB /* BabeSchoolUITests */ = {
			isa = PBXNativeTarget;
			buildConfigurationList = C3B39EF81BFF374D00C4A0EB /* Build configuration list for PBXNativeTarget "BabeSchoolUITests" */;
			buildPhases = (
				C3B39EE51BFF374D00C4A0EB /* Sources */,
				C3B39EE61BFF374D00C4A0EB /* Frameworks */,
				C3B39EE71BFF374D00C4A0EB /* Resources */,
			);
			buildRules = (
			);
			dependencies = (
				C3B39EEB1BFF374D00C4A0EB /* PBXTargetDependency */,
			);
			name = BabeSchoolUITests;
			productName = BabeSchoolUITests;
			productReference = C3B39EE91BFF374D00C4A0EB /* BabeSchoolUITests.xctest */;
			productType = "com.apple.product-type.bundle.ui-testing";
		};
/* End PBXNativeTarget section */

/* Begin PBXProject section */
		C3B39EBA1BFF374D00C4A0EB /* Project object */ = {
			isa = PBXProject;
			attributes = {
				LastUpgradeCheck = 0710;
				ORGANIZATIONNAME = "Nguyễn Chí Hoàng";
				TargetAttributes = {
					C3B39EC11BFF374D00C4A0EB = {
						CreatedOnToolsVersion = 7.1.1;
						DevelopmentTeam = PTPW2TG53A;
					};
					C3B39EDD1BFF374D00C4A0EB = {
						CreatedOnToolsVersion = 7.1.1;
						DevelopmentTeam = PTPW2TG53A;
						TestTargetID = C3B39EC11BFF374D00C4A0EB;
					};
					C3B39EE81BFF374D00C4A0EB = {
						CreatedOnToolsVersion = 7.1.1;
						DevelopmentTeam = PTPW2TG53A;
						TestTargetID = C3B39EC11BFF374D00C4A0EB;
					};
				};
			};
			buildConfigurationList = C3B39EBD1BFF374D00C4A0EB /* Build configuration list for PBXProject "BabeSchool" */;
			compatibilityVersion = "Xcode 3.2";
			developmentRegion = English;
			hasScannedForEncodings = 0;
			knownRegions = (
				en,
				Base,
			);
			mainGroup = C3B39EB91BFF374D00C4A0EB;
			productRefGroup = C3B39EC31BFF374D00C4A0EB /* Products */;
			projectDirPath = "";
			projectRoot = "";
			targets = (
				C3B39EC11BFF374D00C4A0EB /* BabeSchool */,
				C3B39EDD1BFF374D00C4A0EB /* BabeSchoolTests */,
				C3B39EE81BFF374D00C4A0EB /* BabeSchoolUITests */,
			);
		};
/* End PBXProject section */

/* Begin PBXResourcesBuildPhase section */
		C3B39EC01BFF374D00C4A0EB /* Resources */ = {
			isa = PBXResourcesBuildPhase;
			buildActionMask = 2147483647;
			files = (
				51A940731C008AAF00223A3B /* img2_2.png in Resources */,
				51A940941C008B2D00223A3B /* VietBLViewController.xib in Resources */,
				51A940921C008B2D00223A3B /* SchoolDetailViewController.xib in Resources */,
				51A9400A1C00897300223A3B /* P200 Piano F#7.caf in Resources */,
				51A9400C1C00897300223A3B /* Piano.plist in Resources */,
				51A940091C00897300223A3B /* P200 Piano F#6.caf in Resources */,
				51A940641C008AAF00223A3B /* btn_list@2x.png in Resources */,
				51A93FFE1C00897300223A3B /* P200 Piano C10.caf in Resources */,
				51A940701C008AAF00223A3B /* img1_2.png in Resources */,
				51A940061C00897300223A3B /* P200 Piano F#3.caf in Resources */,
				51A9405F1C008AAF00223A3B /* bg_menu@2x.png in Resources */,
				51A9405C1C008AAF00223A3B /* background@2x.png in Resources */,
				51A93FFF1C00897300223A3B /* P200 Piano D#8.caf in Resources */,
				51A9407A1C008AAF00223A3B /* img4_3.png in Resources */,
				51A940781C008AAF00223A3B /* img4_1.png in Resources */,
				51A940791C008AAF00223A3B /* img4_2.png in Resources */,
				51A9406E1C008AAF00223A3B /* img_thuchi.png in Resources */,
				51A940711C008AAF00223A3B /* img1_3.png in Resources */,
				51A940E91C00A0BC00223A3B /* HealthCell.xib in Resources */,
				51A940611C008AAF00223A3B /* btn_back@2x.png in Resources */,
				51A93FDC1C0088B100223A3B /* ListSchoolViewController.xib in Resources */,
				51A9406D1C008AAF00223A3B /* img_mota.png in Resources */,
				51A940761C008AAF00223A3B /* img3_2.png in Resources */,
				51A940D41C00A09A00223A3B /* ThucDonViewController.xib in Resources */,
				51A93FFC1C00897300223A3B /* P200 Piano A#7.caf in Resources */,
				51A9406B1C008AAF00223A3B /* img_login.png in Resources */,
				51A940281C008A3B00223A3B /* users.json in Resources */,
				51A93FFB1C00897300223A3B /* P200 Piano A#5.caf in Resources */,
				C3B39ED81BFF374D00C4A0EB /* LaunchScreen.storyboard in Resources */,
				51A93FDE1C0088B100223A3B /* SchoolCell.xib in Resources */,
				51A940E71C00A0BC00223A3B /* AddHealth.xib in Resources */,
				51A9400B1C00897300223A3B /* P200 Piano G#9.caf in Resources */,
				51A940751C008AAF00223A3B /* img3_1.png in Resources */,
				51A940681C008AAF00223A3B /* green_bg.png in Resources */,
				51A93FFD1C00897300223A3B /* P200 Piano C7.caf in Resources */,
				51A940901C008B2D00223A3B /* RateViewController.xib in Resources */,
				51A940771C008AAF00223A3B /* img3_3.png in Resources */,
				51A940671C008AAF00223A3B /* btn_search@2x.png in Resources */,
				51A940691C008AAF00223A3B /* img_btn.png in Resources */,
				51A93FF81C00897300223A3B /* P200 Piano A#2.caf in Resources */,
				51A940031C00897300223A3B /* P200 Piano D5.caf in Resources */,
				51A940011C00897300223A3B /* P200 Piano D3.caf in Resources */,
				51A940631C008AAF00223A3B /* btn_function@2x.png in Resources */,
				51A9405D1C008AAF00223A3B /* bg_btn.png in Resources */,
				51A940C31C00A07B00223A3B /* HoatDongCellTableViewCell.xib in Resources */,
				51A940071C00897300223A3B /* P200 Piano F#4.caf in Resources */,
				51A940661C008AAF00223A3B /* btn_logout@2x.png in Resources */,
				51A93FFA1C00897300223A3B /* P200 Piano A#4.caf in Resources */,
				51A93FF91C00897300223A3B /* P200 Piano A#3.caf in Resources */,
				51A940601C008AAF00223A3B /* btn_back_black@2x.png in Resources */,
				51A9406A1C008AAF00223A3B /* img_danhgia.png in Resources */,
				51A940041C00897300223A3B /* P200 Piano D6.caf in Resources */,
				51A940C51C00A07B00223A3B /* HoatDongViewController.xib in Resources */,
				51A940651C008AAF00223A3B /* btn_login@2x.png in Resources */,
				51A940001C00897300223A3B /* P200 Piano D2.caf in Resources */,
				51A940621C008AAF00223A3B /* btn_cancel@2x.png in Resources */,
				51A93FC01C00883300223A3B /* LoginViewController.xib in Resources */,
				51A9405E1C008AAF00223A3B /* bg_function@2x.png in Resources */,
				51A940961C008B2D00223A3B /* WriteComment.xib in Resources */,
				51A940CA1C00A08500223A3B /* PianoViewController.xib in Resources */,
				51A940051C00897300223A3B /* P200 Piano F#2.caf in Resources */,
				51A940021C00897300223A3B /* P200 Piano D4.caf in Resources */,
				51A940ED1C00A0BC00223A3B /* SucKhoeViewController.xib in Resources */,
				51A9406F1C008AAF00223A3B /* img1_1.png in Resources */,
				C3B39ED51BFF374D00C4A0EB /* Assets.xcassets in Resources */,
				51A940CF1C00A09000223A3B /* NoticeView.xib in Resources */,
				51A9407B1C008AAF00223A3B /* lauchscreen@2x.png in Resources */,
				51A940D91C00A0AF00223A3B /* LiveStreamViewController.xib in Resources */,
				51A940BB1C00A06F00223A3B /* FunctionViewController.xib in Resources */,
				51A940081C00897300223A3B /* P200 Piano F#5.caf in Resources */,
				51A9407C1C008AAF00223A3B /* separate.png in Resources */,
				51A940721C008AAF00223A3B /* img2_1.png in Resources */,
				51A9406C1C008AAF00223A3B /* img_map.png in Resources */,
				51A940741C008AAF00223A3B /* img2_3.png in Resources */,
			);
			runOnlyForDeploymentPostprocessing = 0;
		};
		C3B39EDC1BFF374D00C4A0EB /* Resources */ = {
			isa = PBXResourcesBuildPhase;
			buildActionMask = 2147483647;
			files = (
			);
			runOnlyForDeploymentPostprocessing = 0;
		};
		C3B39EE71BFF374D00C4A0EB /* Resources */ = {
			isa = PBXResourcesBuildPhase;
			buildActionMask = 2147483647;
			files = (
			);
			runOnlyForDeploymentPostprocessing = 0;
		};
/* End PBXResourcesBuildPhase section */

/* Begin PBXShellScriptBuildPhase section */
		1D00CFB67C63C88B4C81B74B /* Check Pods Manifest.lock */ = {
			isa = PBXShellScriptBuildPhase;
			buildActionMask = 2147483647;
			files = (
			);
			inputPaths = (
			);
			name = "Check Pods Manifest.lock";
			outputPaths = (
			);
			runOnlyForDeploymentPostprocessing = 0;
			shellPath = /bin/sh;
			shellScript = "diff \"${PODS_ROOT}/../Podfile.lock\" \"${PODS_ROOT}/Manifest.lock\" > /dev/null\nif [[ $? != 0 ]] ; then\n    cat << EOM\nerror: The sandbox is not in sync with the Podfile.lock. Run 'pod install' or update your CocoaPods installation.\nEOM\n    exit 1\nfi\n";
			showEnvVarsInLog = 0;
		};
		4EA06D8D06FB305BBF7B05E0 /* Copy Pods Resources */ = {
			isa = PBXShellScriptBuildPhase;
			buildActionMask = 2147483647;
			files = (
			);
			inputPaths = (
			);
			name = "Copy Pods Resources";
			outputPaths = (
			);
			runOnlyForDeploymentPostprocessing = 0;
			shellPath = /bin/sh;
			shellScript = "\"${SRCROOT}/Pods/Target Support Files/Pods/Pods-resources.sh\"\n";
			showEnvVarsInLog = 0;
		};
		F5B4D098544991EAE9FF3B7B /* Embed Pods Frameworks */ = {
			isa = PBXShellScriptBuildPhase;
			buildActionMask = 2147483647;
			files = (
			);
			inputPaths = (
			);
			name = "Embed Pods Frameworks";
			outputPaths = (
			);
			runOnlyForDeploymentPostprocessing = 0;
			shellPath = /bin/sh;
			shellScript = "\"${SRCROOT}/Pods/Target Support Files/Pods/Pods-frameworks.sh\"\n";
			showEnvVarsInLog = 0;
		};
/* End PBXShellScriptBuildPhase section */

/* Begin PBXSourcesBuildPhase section */
		C3B39EBE1BFF374D00C4A0EB /* Sources */ = {
			isa = PBXSourcesBuildPhase;
			buildActionMask = 2147483647;
			files = (
				51A93FBF1C00883300223A3B /* LoginViewController.m in Sources */,
				51A9403A1C008A4800223A3B /* User.m in Sources */,
				51A940951C008B2D00223A3B /* WriteComment.m in Sources */,
				51A940121C0089AD00223A3B /* SoundBankPlayer.m in Sources */,
				51A93FDB1C0088B100223A3B /* ListSchoolViewController.m in Sources */,
				51A940E61C00A0BC00223A3B /* AddHealth.m in Sources */,
				51A940C21C00A07B00223A3B /* HoatDongCellTableViewCell.m in Sources */,
				51A940351C008A4800223A3B /* Comment.m in Sources */,
				C3B39ED31BFF374D00C4A0EB /* BabeSchool.xcdatamodeld in Sources */,
				51A940111C0089AD00223A3B /* OpenALSupport.c in Sources */,
				51A940C91C00A08500223A3B /* PianoViewController.m in Sources */,
				51A940BA1C00A06F00223A3B /* FunctionViewController.m in Sources */,
				51A940D81C00A0AF00223A3B /* LiveStreamViewController.m in Sources */,
				51A940D31C00A09A00223A3B /* ThucDonViewController.m in Sources */,
				51A940B21C00A04500223A3B /* Reachability.m in Sources */,
				51A93FDD1C0088B100223A3B /* SchoolCell.m in Sources */,
				51A940911C008B2D00223A3B /* SchoolDetailViewController.m in Sources */,
				51A940371C008A4800223A3B /* Health.m in Sources */,
				C3B39ECA1BFF374D00C4A0EB /* AppDelegate.m in Sources */,
				51A940CE1C00A09000223A3B /* NoticeView.m in Sources */,
				51A940B61C00A04D00223A3B /* MyLib.m in Sources */,
				51A9408F1C008B2D00223A3B /* RateViewController.m in Sources */,
				51A940E81C00A0BC00223A3B /* HealthCell.m in Sources */,
				51A93F861C00869500223A3B /* KLCPopup.m in Sources */,
				51A940381C008A4800223A3B /* hoatdong.m in Sources */,
				51A940391C008A4800223A3B /* School.m in Sources */,
				51A940361C008A4800223A3B /* foodmenu.m in Sources */,
				51A940931C008B2D00223A3B /* VietBLViewController.m in Sources */,
				51A93FE21C0088FB00223A3B /* KASlideShow.m in Sources */,
				51A940FE1C00A39000223A3B /* BaseNavigationController.m in Sources */,
				51A940C41C00A07B00223A3B /* HoatDongViewController.m in Sources */,
				51A940EC1C00A0BC00223A3B /* SucKhoeViewController.m in Sources */,
				51A940B31C00A04500223A3B /* Utils.m in Sources */,
				C3B39EC71BFF374D00C4A0EB /* main.m in Sources */,
			);
			runOnlyForDeploymentPostprocessing = 0;
		};
		C3B39EDA1BFF374D00C4A0EB /* Sources */ = {
			isa = PBXSourcesBuildPhase;
			buildActionMask = 2147483647;
			files = (
				C3B39EE31BFF374D00C4A0EB /* BabeSchoolTests.m in Sources */,
			);
			runOnlyForDeploymentPostprocessing = 0;
		};
		C3B39EE51BFF374D00C4A0EB /* Sources */ = {
			isa = PBXSourcesBuildPhase;
			buildActionMask = 2147483647;
			files = (
				C3B39EEE1BFF374D00C4A0EB /* BabeSchoolUITests.m in Sources */,
			);
			runOnlyForDeploymentPostprocessing = 0;
		};
/* End PBXSourcesBuildPhase section */

/* Begin PBXTargetDependency section */
		C3B39EE01BFF374D00C4A0EB /* PBXTargetDependency */ = {
			isa = PBXTargetDependency;
			target = C3B39EC11BFF374D00C4A0EB /* BabeSchool */;
			targetProxy = C3B39EDF1BFF374D00C4A0EB /* PBXContainerItemProxy */;
		};
		C3B39EEB1BFF374D00C4A0EB /* PBXTargetDependency */ = {
			isa = PBXTargetDependency;
			target = C3B39EC11BFF374D00C4A0EB /* BabeSchool */;
			targetProxy = C3B39EEA1BFF374D00C4A0EB /* PBXContainerItemProxy */;
		};
/* End PBXTargetDependency section */

/* Begin PBXVariantGroup section */
		C3B39ED61BFF374D00C4A0EB /* LaunchScreen.storyboard */ = {
			isa = PBXVariantGroup;
			children = (
				C3B39ED71BFF374D00C4A0EB /* Base */,
			);
			name = LaunchScreen.storyboard;
			sourceTree = "<group>";
		};
/* End PBXVariantGroup section */

/* Begin XCBuildConfiguration section */
		C3B39EF01BFF374D00C4A0EB /* Debug */ = {
			isa = XCBuildConfiguration;
			buildSettings = {
				ALWAYS_SEARCH_USER_PATHS = NO;
				CLANG_CXX_LANGUAGE_STANDARD = "gnu++0x";
				CLANG_CXX_LIBRARY = "libc++";
				CLANG_ENABLE_MODULES = YES;
				CLANG_ENABLE_OBJC_ARC = YES;
				CLANG_WARN_BOOL_CONVERSION = YES;
				CLANG_WARN_CONSTANT_CONVERSION = YES;
				CLANG_WARN_DIRECT_OBJC_ISA_USAGE = YES_ERROR;
				CLANG_WARN_EMPTY_BODY = YES;
				CLANG_WARN_ENUM_CONVERSION = YES;
				CLANG_WARN_INT_CONVERSION = YES;
				CLANG_WARN_OBJC_ROOT_CLASS = YES_ERROR;
				CLANG_WARN_UNREACHABLE_CODE = YES;
				CLANG_WARN__DUPLICATE_METHOD_MATCH = YES;
				"CODE_SIGN_IDENTITY[sdk=iphoneos*]" = "";
				COPY_PHASE_STRIP = NO;
				DEBUG_INFORMATION_FORMAT = dwarf;
				ENABLE_BITCODE = NO;
				ENABLE_STRICT_OBJC_MSGSEND = YES;
				ENABLE_TESTABILITY = YES;
				GCC_C_LANGUAGE_STANDARD = gnu99;
				GCC_DYNAMIC_NO_PIC = NO;
				GCC_NO_COMMON_BLOCKS = YES;
				GCC_OPTIMIZATION_LEVEL = 0;
				GCC_PREPROCESSOR_DEFINITIONS = (
					"DEBUG=1",
					"$(inherited)",
				);
				GCC_WARN_64_TO_32_BIT_CONVERSION = YES;
				GCC_WARN_ABOUT_RETURN_TYPE = YES_ERROR;
				GCC_WARN_UNDECLARED_SELECTOR = YES;
				GCC_WARN_UNINITIALIZED_AUTOS = YES_AGGRESSIVE;
				GCC_WARN_UNUSED_FUNCTION = YES;
				GCC_WARN_UNUSED_VARIABLE = YES;
				IPHONEOS_DEPLOYMENT_TARGET = 8.4;
				MTL_ENABLE_DEBUG_INFO = YES;
				ONLY_ACTIVE_ARCH = YES;
				PROVISIONING_PROFILE = "e4f4b82a-5683-4be7-a00c-12a54c64faaf";
				SDKROOT = iphoneos;
			};
			name = Debug;
		};
		C3B39EF11BFF374D00C4A0EB /* Release */ = {
			isa = XCBuildConfiguration;
			buildSettings = {
				ALWAYS_SEARCH_USER_PATHS = NO;
				CLANG_CXX_LANGUAGE_STANDARD = "gnu++0x";
				CLANG_CXX_LIBRARY = "libc++";
				CLANG_ENABLE_MODULES = YES;
				CLANG_ENABLE_OBJC_ARC = YES;
				CLANG_WARN_BOOL_CONVERSION = YES;
				CLANG_WARN_CONSTANT_CONVERSION = YES;
				CLANG_WARN_DIRECT_OBJC_ISA_USAGE = YES_ERROR;
				CLANG_WARN_EMPTY_BODY = YES;
				CLANG_WARN_ENUM_CONVERSION = YES;
				CLANG_WARN_INT_CONVERSION = YES;
				CLANG_WARN_OBJC_ROOT_CLASS = YES_ERROR;
				CLANG_WARN_UNREACHABLE_CODE = YES;
				CLANG_WARN__DUPLICATE_METHOD_MATCH = YES;
				"CODE_SIGN_IDENTITY[sdk=iphoneos*]" = "";
				COPY_PHASE_STRIP = NO;
				DEBUG_INFORMATION_FORMAT = "dwarf-with-dsym";
				ENABLE_BITCODE = NO;
				ENABLE_NS_ASSERTIONS = NO;
				ENABLE_STRICT_OBJC_MSGSEND = YES;
				GCC_C_LANGUAGE_STANDARD = gnu99;
				GCC_NO_COMMON_BLOCKS = YES;
				GCC_WARN_64_TO_32_BIT_CONVERSION = YES;
				GCC_WARN_ABOUT_RETURN_TYPE = YES_ERROR;
				GCC_WARN_UNDECLARED_SELECTOR = YES;
				GCC_WARN_UNINITIALIZED_AUTOS = YES_AGGRESSIVE;
				GCC_WARN_UNUSED_FUNCTION = YES;
				GCC_WARN_UNUSED_VARIABLE = YES;
				IPHONEOS_DEPLOYMENT_TARGET = 8.4;
				MTL_ENABLE_DEBUG_INFO = NO;
				PROVISIONING_PROFILE = "e4f4b82a-5683-4be7-a00c-12a54c64faaf";
				SDKROOT = iphoneos;
				VALIDATE_PRODUCT = YES;
			};
			name = Release;
		};
		C3B39EF31BFF374D00C4A0EB /* Debug */ = {
			isa = XCBuildConfiguration;
			baseConfigurationReference = B7C5F5C44223DB30D15FF2FC /* Pods.debug.xcconfig */;
			buildSettings = {
				ASSETCATALOG_COMPILER_APPICON_NAME = AppIcon;
				EMBEDDED_CONTENT_CONTAINS_SWIFT = YES;
				FRAMEWORK_SEARCH_PATHS = (
					"$(inherited)",
					"$(PROJECT_DIR)/BabeSchool/parse-library-1.10.0",
					"$(PROJECT_DIR)/BabeSchool",
					"$(PROJECT_DIR)/BabeSchool/Support/Parse",
					Framework,
					"$(PROJECT_DIR)/BabeSchool/Support/ParseFramework",
				);
				INFOPLIST_FILE = BabeSchool/Info.plist;
				IPHONEOS_DEPLOYMENT_TARGET = 8.4;
				LD_RUNPATH_SEARCH_PATHS = "$(inherited) @executable_path/Frameworks";
				PRODUCT_BUNDLE_IDENTIFIER = com.snapuet.BabeSchool;
				PRODUCT_NAME = "$(TARGET_NAME)";
			};
			name = Debug;
		};
		C3B39EF41BFF374D00C4A0EB /* Release */ = {
			isa = XCBuildConfiguration;
			baseConfigurationReference = A02661D9D79C61F4AEDFD976 /* Pods.release.xcconfig */;
			buildSettings = {
				ASSETCATALOG_COMPILER_APPICON_NAME = AppIcon;
				EMBEDDED_CONTENT_CONTAINS_SWIFT = YES;
				FRAMEWORK_SEARCH_PATHS = (
					"$(inherited)",
					"$(PROJECT_DIR)/BabeSchool/parse-library-1.10.0",
					"$(PROJECT_DIR)/BabeSchool",
					"$(PROJECT_DIR)/BabeSchool/Support/Parse",
					Framework,
					"$(PROJECT_DIR)/BabeSchool/Support/ParseFramework",
				);
				INFOPLIST_FILE = BabeSchool/Info.plist;
				IPHONEOS_DEPLOYMENT_TARGET = 8.4;
				LD_RUNPATH_SEARCH_PATHS = "$(inherited) @executable_path/Frameworks";
				PRODUCT_BUNDLE_IDENTIFIER = com.snapuet.BabeSchool;
				PRODUCT_NAME = "$(TARGET_NAME)";
			};
			name = Release;
		};
		C3B39EF61BFF374D00C4A0EB /* Debug */ = {
			isa = XCBuildConfiguration;
			buildSettings = {
				BUNDLE_LOADER = "$(TEST_HOST)";
				INFOPLIST_FILE = BabeSchoolTests/Info.plist;
				LD_RUNPATH_SEARCH_PATHS = "$(inherited) @executable_path/Frameworks @loader_path/Frameworks";
				PRODUCT_BUNDLE_IDENTIFIER = com.snapuet.BabeSchoolTests;
				PRODUCT_NAME = "$(TARGET_NAME)";
				TEST_HOST = "$(BUILT_PRODUCTS_DIR)/BabeSchool.app/BabeSchool";
			};
			name = Debug;
		};
		C3B39EF71BFF374D00C4A0EB /* Release */ = {
			isa = XCBuildConfiguration;
			buildSettings = {
				BUNDLE_LOADER = "$(TEST_HOST)";
				INFOPLIST_FILE = BabeSchoolTests/Info.plist;
				LD_RUNPATH_SEARCH_PATHS = "$(inherited) @executable_path/Frameworks @loader_path/Frameworks";
				PRODUCT_BUNDLE_IDENTIFIER = com.snapuet.BabeSchoolTests;
				PRODUCT_NAME = "$(TARGET_NAME)";
				TEST_HOST = "$(BUILT_PRODUCTS_DIR)/BabeSchool.app/BabeSchool";
			};
			name = Release;
		};
		C3B39EF91BFF374D00C4A0EB /* Debug */ = {
			isa = XCBuildConfiguration;
			buildSettings = {
				INFOPLIST_FILE = BabeSchoolUITests/Info.plist;
				LD_RUNPATH_SEARCH_PATHS = "$(inherited) @executable_path/Frameworks @loader_path/Frameworks";
				PRODUCT_BUNDLE_IDENTIFIER = com.snapuet.BabeSchoolUITests;
				PRODUCT_NAME = "$(TARGET_NAME)";
				TEST_TARGET_NAME = BabeSchool;
				USES_XCTRUNNER = YES;
			};
			name = Debug;
		};
		C3B39EFA1BFF374D00C4A0EB /* Release */ = {
			isa = XCBuildConfiguration;
			buildSettings = {
				INFOPLIST_FILE = BabeSchoolUITests/Info.plist;
				LD_RUNPATH_SEARCH_PATHS = "$(inherited) @executable_path/Frameworks @loader_path/Frameworks";
				PRODUCT_BUNDLE_IDENTIFIER = com.snapuet.BabeSchoolUITests;
				PRODUCT_NAME = "$(TARGET_NAME)";
				TEST_TARGET_NAME = BabeSchool;
				USES_XCTRUNNER = YES;
			};
			name = Release;
		};
/* End XCBuildConfiguration section */

/* Begin XCConfigurationList section */
		C3B39EBD1BFF374D00C4A0EB /* Build configuration list for PBXProject "BabeSchool" */ = {
			isa = XCConfigurationList;
			buildConfigurations = (
				C3B39EF01BFF374D00C4A0EB /* Debug */,
				C3B39EF11BFF374D00C4A0EB /* Release */,
			);
			defaultConfigurationIsVisible = 0;
			defaultConfigurationName = Release;
		};
		C3B39EF21BFF374D00C4A0EB /* Build configuration list for PBXNativeTarget "BabeSchool" */ = {
			isa = XCConfigurationList;
			buildConfigurations = (
				C3B39EF31BFF374D00C4A0EB /* Debug */,
				C3B39EF41BFF374D00C4A0EB /* Release */,
			);
			defaultConfigurationIsVisible = 0;
			defaultConfigurationName = Release;
		};
		C3B39EF51BFF374D00C4A0EB /* Build configuration list for PBXNativeTarget "BabeSchoolTests" */ = {
			isa = XCConfigurationList;
			buildConfigurations = (
				C3B39EF61BFF374D00C4A0EB /* Debug */,
				C3B39EF71BFF374D00C4A0EB /* Release */,
			);
			defaultConfigurationIsVisible = 0;
			defaultConfigurationName = Release;
		};
		C3B39EF81BFF374D00C4A0EB /* Build configuration list for PBXNativeTarget "BabeSchoolUITests" */ = {
			isa = XCConfigurationList;
			buildConfigurations = (
				C3B39EF91BFF374D00C4A0EB /* Debug */,
				C3B39EFA1BFF374D00C4A0EB /* Release */,
			);
			defaultConfigurationIsVisible = 0;
			defaultConfigurationName = Release;
		};
/* End XCConfigurationList section */

/* Begin XCVersionGroup section */
		C3B39ED11BFF374D00C4A0EB /* BabeSchool.xcdatamodeld */ = {
			isa = XCVersionGroup;
			children = (
				C3B39ED21BFF374D00C4A0EB /* BabeSchool.xcdatamodel */,
			);
			currentVersion = C3B39ED21BFF374D00C4A0EB /* BabeSchool.xcdatamodel */;
			path = BabeSchool.xcdatamodeld;
			sourceTree = "<group>";
			versionGroupType = wrapper.xcdatamodel;
		};
/* End XCVersionGroup section */
	};
	rootObject = C3B39EBA1BFF374D00C4A0EB /* Project object */;
}
